// !$*UTF8*$!
{
	archiveVersion = 1;
	classes = {
	};
	objectVersion = 56;
	objects = {

/* Begin PBXBuildFile section */
		374A5EAD2CFEEC1100A36375 /* Register.swift in Sources */ = {isa = PBXBuildFile; fileRef = 374A5EAC2CFEEC1100A36375 /* Register.swift */; };
		374A5EB72CFEF90E00A36375 /* NewPasswordViewModel.swift in Sources */ = {isa = PBXBuildFile; fileRef = 374A5EB52CFEF90E00A36375 /* NewPasswordViewModel.swift */; };
		374A5EB82CFEF90E00A36375 /* NewPasswordView.swift in Sources */ = {isa = PBXBuildFile; fileRef = 374A5EB42CFEF90E00A36375 /* NewPasswordView.swift */; };
		374A5EB92CFEF90E00A36375 /* JimTextFieldStyle.swift in Sources */ = {isa = PBXBuildFile; fileRef = 374A5EB22CFEF90E00A36375 /* JimTextFieldStyle.swift */; };
		374A5EBA2CFEF90E00A36375 /* ButtonTextStyle.swift in Sources */ = {isa = PBXBuildFile; fileRef = 374A5EB12CFEF90E00A36375 /* ButtonTextStyle.swift */; };
		374A5EBB2CFEF90E00A36375 /* BaseTextStyle.swift in Sources */ = {isa = PBXBuildFile; fileRef = 374A5EB02CFEF90E00A36375 /* BaseTextStyle.swift */; };
		374A5EBD2CFEFA5A00A36375 /* UIColor+.swift in Sources */ = {isa = PBXBuildFile; fileRef = 374A5EBC2CFEFA5A00A36375 /* UIColor+.swift */; };
		374A5EBF2CFEFA8900A36375 /* String+.swift in Sources */ = {isa = PBXBuildFile; fileRef = 374A5EBE2CFEFA8900A36375 /* String+.swift */; };
		374A5EC12CFEFAB600A36375 /* APPColor.swift in Sources */ = {isa = PBXBuildFile; fileRef = 374A5EC02CFEFAB600A36375 /* APPColor.swift */; };
		374A5EC32CFF044600A36375 /* BaseButtonStyle.swift in Sources */ = {isa = PBXBuildFile; fileRef = 374A5EC22CFF044600A36375 /* BaseButtonStyle.swift */; };
		374A5EC52CFF0A3D00A36375 /* BaseButtonContent.swift in Sources */ = {isa = PBXBuildFile; fileRef = 374A5EC42CFF0A3D00A36375 /* BaseButtonContent.swift */; };
		374A5EC72D00070700A36375 /* ProfileViewModel.swift in Sources */ = {isa = PBXBuildFile; fileRef = 374A5EC62D00070700A36375 /* ProfileViewModel.swift */; };
		374A5EC92D0032E900A36375 /* MainTabViewModel.swift in Sources */ = {isa = PBXBuildFile; fileRef = 374A5EC82D0032E900A36375 /* MainTabViewModel.swift */; };
		374A5ECB2D00489C00A36375 /* ProfileOptionView.swift in Sources */ = {isa = PBXBuildFile; fileRef = 374A5ECA2D00489C00A36375 /* ProfileOptionView.swift */; };
		374A5ECD2D00527F00A36375 /* UserInfoCardView.swift in Sources */ = {isa = PBXBuildFile; fileRef = 374A5ECC2D00527F00A36375 /* UserInfoCardView.swift */; };
		374A5ECF2D0054A400A36375 /* CommunityInfoCardView.swift in Sources */ = {isa = PBXBuildFile; fileRef = 374A5ECE2D0054A400A36375 /* CommunityInfoCardView.swift */; };
		374A5ED32D01361100A36375 /* IntercomView.swift in Sources */ = {isa = PBXBuildFile; fileRef = 374A5ED22D01361100A36375 /* IntercomView.swift */; };
		374A5ED52D0138DA00A36375 /* IntercomCell.swift in Sources */ = {isa = PBXBuildFile; fileRef = 374A5ED42D0138DA00A36375 /* IntercomCell.swift */; };
		374A5ED72D0138F600A36375 /* IntercomViewModel.swift in Sources */ = {isa = PBXBuildFile; fileRef = 374A5ED62D0138F600A36375 /* IntercomViewModel.swift */; };
		374A5ED92D018F0500A36375 /* PostalServiceView.swift in Sources */ = {isa = PBXBuildFile; fileRef = 374A5ED82D018F0500A36375 /* PostalServiceView.swift */; };
		374A5EDB2D01994F00A36375 /* PostalServicViewModel.swift in Sources */ = {isa = PBXBuildFile; fileRef = 374A5EDA2D01994F00A36375 /* PostalServicViewModel.swift */; };
		374A5EDD2D019A9B00A36375 /* PostalServiceCell.swift in Sources */ = {isa = PBXBuildFile; fileRef = 374A5EDC2D019A9B00A36375 /* PostalServiceCell.swift */; };
		374A5EDF2D02A3A400A36375 /* Navigation+.swift in Sources */ = {isa = PBXBuildFile; fileRef = 374A5EDE2D02A3A400A36375 /* Navigation+.swift */; };
		374A5EE12D02F70F00A36375 /* View+.swift in Sources */ = {isa = PBXBuildFile; fileRef = 374A5EE02D02F70F00A36375 /* View+.swift */; };
		374A5EE32D067C7D00A36375 /* AppText.swift in Sources */ = {isa = PBXBuildFile; fileRef = 374A5EE22D067C7D00A36375 /* AppText.swift */; };
		374A5EE52D06D22F00A36375 /* PostalServiceCellViewModel.swift in Sources */ = {isa = PBXBuildFile; fileRef = 374A5EE42D06D22F00A36375 /* PostalServiceCellViewModel.swift */; };
		375D8A442CFD48C800A1E02B /* leleIOSApp.swift in Sources */ = {isa = PBXBuildFile; fileRef = 375D8A432CFD48C800A1E02B /* leleIOSApp.swift */; };
		375D8A462CFD48C800A1E02B /* ContentView.swift in Sources */ = {isa = PBXBuildFile; fileRef = 375D8A452CFD48C800A1E02B /* ContentView.swift */; };
		375D8A482CFD48C900A1E02B /* Assets.xcassets in Resources */ = {isa = PBXBuildFile; fileRef = 375D8A472CFD48C900A1E02B /* Assets.xcassets */; };
		375D8A4B2CFD48C900A1E02B /* Preview Assets.xcassets in Resources */ = {isa = PBXBuildFile; fileRef = 375D8A4A2CFD48C900A1E02B /* Preview Assets.xcassets */; };
		375D8A642CFD4A6100A1E02B /* Date+.swift in Sources */ = {isa = PBXBuildFile; fileRef = 375D8A512CFD4A6100A1E02B /* Date+.swift */; };
		375D8A652CFD4A6100A1E02B /* UserDefault.swift in Sources */ = {isa = PBXBuildFile; fileRef = 375D8A532CFD4A6100A1E02B /* UserDefault.swift */; };
		375D8A662CFD4A6100A1E02B /* ApiProtocol.swift in Sources */ = {isa = PBXBuildFile; fileRef = 375D8A552CFD4A6100A1E02B /* ApiProtocol.swift */; };
		375D8A672CFD4A6100A1E02B /* APIService.swift in Sources */ = {isa = PBXBuildFile; fileRef = 375D8A562CFD4A6100A1E02B /* APIService.swift */; };
		375D8A682CFD4A6100A1E02B /* ApiService+.swift in Sources */ = {isa = PBXBuildFile; fileRef = 375D8A572CFD4A6100A1E02B /* ApiService+.swift */; };
		375D8A692CFD4A6100A1E02B /* MyPlugin.swift in Sources */ = {isa = PBXBuildFile; fileRef = 375D8A582CFD4A6100A1E02B /* MyPlugin.swift */; };
		375D8A6A2CFD4A6100A1E02B /* FeatureApi.swift in Sources */ = {isa = PBXBuildFile; fileRef = 375D8A5A2CFD4A6100A1E02B /* FeatureApi.swift */; };
		375D8A6B2CFD4A6100A1E02B /* HomeApi.swift in Sources */ = {isa = PBXBuildFile; fileRef = 375D8A5B2CFD4A6100A1E02B /* HomeApi.swift */; };
		375D8A6C2CFD4A6100A1E02B /* LaunchApi.swift in Sources */ = {isa = PBXBuildFile; fileRef = 375D8A5C2CFD4A6100A1E02B /* LaunchApi.swift */; };
		375D8A6D2CFD4A6100A1E02B /* NotifyApi.swift in Sources */ = {isa = PBXBuildFile; fileRef = 375D8A5D2CFD4A6100A1E02B /* NotifyApi.swift */; };
		375D8A6E2CFD4A6100A1E02B /* PublicFacilitiesApi.swift in Sources */ = {isa = PBXBuildFile; fileRef = 375D8A5E2CFD4A6100A1E02B /* PublicFacilitiesApi.swift */; };
		375D8A6F2CFD4A6100A1E02B /* UserApi.swift in Sources */ = {isa = PBXBuildFile; fileRef = 375D8A5F2CFD4A6100A1E02B /* UserApi.swift */; };
		375D8A702CFD4A6100A1E02B /* BaseAPIModel.swift in Sources */ = {isa = PBXBuildFile; fileRef = 375D8A612CFD4A6100A1E02B /* BaseAPIModel.swift */; };
		375D8A712CFD4A6100A1E02B /* FeatureModel.swift in Sources */ = {isa = PBXBuildFile; fileRef = 375D8A622CFD4A6100A1E02B /* FeatureModel.swift */; };
		375D8A742CFD4B4400A1E02B /* RxSwift in Frameworks */ = {isa = PBXBuildFile; productRef = 375D8A732CFD4B4400A1E02B /* RxSwift */; };
		375D8A772CFD4B5000A1E02B /* SwiftyJSON in Frameworks */ = {isa = PBXBuildFile; productRef = 375D8A762CFD4B5000A1E02B /* SwiftyJSON */; };
		375D8A7A2CFD4B8700A1E02B /* CombineMoya in Frameworks */ = {isa = PBXBuildFile; productRef = 375D8A792CFD4B8700A1E02B /* CombineMoya */; };
		375D8A7C2CFD4B8700A1E02B /* Moya in Frameworks */ = {isa = PBXBuildFile; productRef = 375D8A7B2CFD4B8700A1E02B /* Moya */; };
		375D8A7F2CFD4BA900A1E02B /* RxMoya in Frameworks */ = {isa = PBXBuildFile; productRef = 375D8A7E2CFD4BA900A1E02B /* RxMoya */; };
		375DC54D2D2663A700980984 /* easySegmentObject.swift in Sources */ = {isa = PBXBuildFile; fileRef = 375DC54C2D2663A700980984 /* easySegmentObject.swift */; };
		375DC54F2D267A9A00980984 /* PageTabView.swift in Sources */ = {isa = PBXBuildFile; fileRef = 375DC54E2D267A9A00980984 /* PageTabView.swift */; };
		375DC5512D27E87C00980984 /* testInsturctment.swift in Sources */ = {isa = PBXBuildFile; fileRef = 375DC5502D27E87C00980984 /* testInsturctment.swift */; };
		375DC5572D2BC5ED00980984 /* WebRTC in Frameworks */ = {isa = PBXBuildFile; productRef = 375DC5562D2BC5ED00980984 /* WebRTC */; };
		375DC55A2D2D011500980984 /* DeviceKit in Frameworks */ = {isa = PBXBuildFile; productRef = 375DC5592D2D011500980984 /* DeviceKit */; };
		375DC55C2D2D060E00980984 /* DeviceObject.swift in Sources */ = {isa = PBXBuildFile; fileRef = 375DC55B2D2D060E00980984 /* DeviceObject.swift */; };
		375DC55F2D2D1B7D00980984 /* QRCodeView.swift in Sources */ = {isa = PBXBuildFile; fileRef = 375DC55E2D2D1B7D00980984 /* QRCodeView.swift */; };
		375DC5612D2D1CE400980984 /* QRCodeScanViewModel.swift in Sources */ = {isa = PBXBuildFile; fileRef = 375DC5602D2D1CE400980984 /* QRCodeScanViewModel.swift */; };
		375DC5632D2E154900980984 /* NotificationDetailView.swift in Sources */ = {isa = PBXBuildFile; fileRef = 375DC5622D2E154900980984 /* NotificationDetailView.swift */; };
		375DC5652D2FCF7B00980984 /* FileWebView.swift in Sources */ = {isa = PBXBuildFile; fileRef = 375DC5642D2FCF7B00980984 /* FileWebView.swift */; };
		377F99972D08101500BE818A /* LaunchScreenView.swift in Sources */ = {isa = PBXBuildFile; fileRef = 377F99962D08101500BE818A /* LaunchScreenView.swift */; };
		377F999B2D081D9000BE818A /* SecurityControlView.swift in Sources */ = {isa = PBXBuildFile; fileRef = 377F999A2D081D9000BE818A /* SecurityControlView.swift */; };
		377F999D2D081DE400BE818A /* SecurityControlCell.swift in Sources */ = {isa = PBXBuildFile; fileRef = 377F999C2D081DE400BE818A /* SecurityControlCell.swift */; };
		377F999F2D081F4100BE818A /* SecurityControlViewModel.swift in Sources */ = {isa = PBXBuildFile; fileRef = 377F999E2D081F4100BE818A /* SecurityControlViewModel.swift */; };
		377F99A32D08266800BE818A /* BulletinView.swift in Sources */ = {isa = PBXBuildFile; fileRef = 377F99A22D08266800BE818A /* BulletinView.swift */; };
		377F99A52D08268100BE818A /* BulletinCell.swift in Sources */ = {isa = PBXBuildFile; fileRef = 377F99A42D08268100BE818A /* BulletinCell.swift */; };
		377F99A72D08269400BE818A /* BulletinViewModel.swift in Sources */ = {isa = PBXBuildFile; fileRef = 377F99A62D08269400BE818A /* BulletinViewModel.swift */; };
		377F99AA2D0834EE00BE818A /* BulletinDetailView.swift in Sources */ = {isa = PBXBuildFile; fileRef = 377F99A92D0834EE00BE818A /* BulletinDetailView.swift */; };
		37C091022D155AFA00E5A7CE /* PostalServiceEntryView.swift in Sources */ = {isa = PBXBuildFile; fileRef = 37C091012D155AFA00E5A7CE /* PostalServiceEntryView.swift */; };
		37C091042D1568A900E5A7CE /* PostalServiceEntryViewModel.swift in Sources */ = {isa = PBXBuildFile; fileRef = 37C091032D1568A900E5A7CE /* PostalServiceEntryViewModel.swift */; };
		37C091062D190AFA00E5A7CE /* CommunityManagerApi.swift in Sources */ = {isa = PBXBuildFile; fileRef = 37C091052D190AFA00E5A7CE /* CommunityManagerApi.swift */; };
		37C091082D19146400E5A7CE /* ManagerModel.swift in Sources */ = {isa = PBXBuildFile; fileRef = 37C091072D19146400E5A7CE /* ManagerModel.swift */; };
		37C0910A2D194A8800E5A7CE /* TextPicker.swift in Sources */ = {isa = PBXBuildFile; fileRef = 37C091092D194A8800E5A7CE /* TextPicker.swift */; };
		37C0910C2D1953BF00E5A7CE /* Array+.swift in Sources */ = {isa = PBXBuildFile; fileRef = 37C0910B2D1953BF00E5A7CE /* Array+.swift */; };
		37C0910E2D1957DD00E5A7CE /* SheetPickerView.swift in Sources */ = {isa = PBXBuildFile; fileRef = 37C0910D2D1957DD00E5A7CE /* SheetPickerView.swift */; };
		37C091122D1D067800E5A7CE /* FastRegisterPackageView.swift in Sources */ = {isa = PBXBuildFile; fileRef = 37C091112D1D067800E5A7CE /* FastRegisterPackageView.swift */; };
		37C091142D1D070E00E5A7CE /* CameraView.swift in Sources */ = {isa = PBXBuildFile; fileRef = 37C091132D1D070E00E5A7CE /* CameraView.swift */; };
		37C091162D1D097500E5A7CE /* FastRegisterPackageViewModel.swift in Sources */ = {isa = PBXBuildFile; fileRef = 37C091152D1D097500E5A7CE /* FastRegisterPackageViewModel.swift */; };
		37C0911D2D1D279D00E5A7CE /* UIImage+.swift in Sources */ = {isa = PBXBuildFile; fileRef = 37C0911C2D1D279D00E5A7CE /* UIImage+.swift */; };
		37C0911F2D1D471A00E5A7CE /* testPackage.png in Resources */ = {isa = PBXBuildFile; fileRef = 37C0911E2D1D471A00E5A7CE /* testPackage.png */; };
		37C091212D1E8C3300E5A7CE /* ChatBubbleCell.swift in Sources */ = {isa = PBXBuildFile; fileRef = 37C091202D1E8C3300E5A7CE /* ChatBubbleCell.swift */; };
		37C091232D1E8FE600E5A7CE /* ChatCellViewModel.swift in Sources */ = {isa = PBXBuildFile; fileRef = 37C091222D1E8FE600E5A7CE /* ChatCellViewModel.swift */; };
		37C091252D1E917500E5A7CE /* AudioPlayerManager.swift in Sources */ = {isa = PBXBuildFile; fileRef = 37C091242D1E917500E5A7CE /* AudioPlayerManager.swift */; };
		37C091282D1EA80100E5A7CE /* ActivityIndicatorView in Frameworks */ = {isa = PBXBuildFile; productRef = 37C091272D1EA80100E5A7CE /* ActivityIndicatorView */; };
		37C0912A2D1EB08100E5A7CE /* LoadingOverlay.swift in Sources */ = {isa = PBXBuildFile; fileRef = 37C091292D1EB08100E5A7CE /* LoadingOverlay.swift */; };
		37C7F76C2CFD905200F32A5C /* MainTabView.swift in Sources */ = {isa = PBXBuildFile; fileRef = 37C7F76B2CFD905200F32A5C /* MainTabView.swift */; };
		37C7F7722CFD912400F32A5C /* ProfileView.swift in Sources */ = {isa = PBXBuildFile; fileRef = 37C7F7712CFD912400F32A5C /* ProfileView.swift */; };
		37C7F7752CFD917B00F32A5C /* NotificationView.swift in Sources */ = {isa = PBXBuildFile; fileRef = 37C7F7742CFD917B00F32A5C /* NotificationView.swift */; };
		37C7F7782CFD91FC00F32A5C /* HomeView.swift in Sources */ = {isa = PBXBuildFile; fileRef = 37C7F7772CFD91FC00F32A5C /* HomeView.swift */; };
		37C7F77C2CFD9A9900F32A5C /* NotificationViewModel.swift in Sources */ = {isa = PBXBuildFile; fileRef = 37C7F77B2CFD9A9900F32A5C /* NotificationViewModel.swift */; };
		37C7F77F2CFDB9F700F32A5C /* SegmentedTabView.swift in Sources */ = {isa = PBXBuildFile; fileRef = 37C7F77E2CFDB9F700F32A5C /* SegmentedTabView.swift */; };
		37C7F7812CFDBA5200F32A5C /* NotificationCell.swift in Sources */ = {isa = PBXBuildFile; fileRef = 37C7F7802CFDBA5200F32A5C /* NotificationCell.swift */; };
		37C7F7842CFE9E7600F32A5C /* SegmentedPicker in Frameworks */ = {isa = PBXBuildFile; productRef = 37C7F7832CFE9E7600F32A5C /* SegmentedPicker */; };
		37C7F7872CFED1B700F32A5C /* LoginView.swift in Sources */ = {isa = PBXBuildFile; fileRef = 37C7F7862CFED1B700F32A5C /* LoginView.swift */; };
		37C7F7892CFED2FF00F32A5C /* LoginViewModel.swift in Sources */ = {isa = PBXBuildFile; fileRef = 37C7F7882CFED2FF00F32A5C /* LoginViewModel.swift */; };
		37C7F78E2CFED9D400F32A5C /* ForgotPasswordView.swift in Sources */ = {isa = PBXBuildFile; fileRef = 37C7F78D2CFED9D400F32A5C /* ForgotPasswordView.swift */; };
		37E57C062D083A6800C9B5EF /* SwiftUITextView.swift in Sources */ = {isa = PBXBuildFile; fileRef = 37E57C052D083A6800C9B5EF /* SwiftUITextView.swift */; };
		37E57C092D083FF700C9B5EF /* RuleView.swift in Sources */ = {isa = PBXBuildFile; fileRef = 37E57C082D083FF700C9B5EF /* RuleView.swift */; };
		37E57C0D2D08401100C9B5EF /* RuleViewModel.swift in Sources */ = {isa = PBXBuildFile; fileRef = 37E57C0C2D08401100C9B5EF /* RuleViewModel.swift */; };
		37E57C0F2D0934A800C9B5EF /* HomeView+.swift in Sources */ = {isa = PBXBuildFile; fileRef = 37E57C0E2D0934A800C9B5EF /* HomeView+.swift */; };
		37E57C122D095DCA00C9B5EF /* GuestView.swift in Sources */ = {isa = PBXBuildFile; fileRef = 37E57C112D095DCA00C9B5EF /* GuestView.swift */; };
		37E57C142D095F5000C9B5EF /* GuestCell.swift in Sources */ = {isa = PBXBuildFile; fileRef = 37E57C132D095F5000C9B5EF /* GuestCell.swift */; };
		37E57C162D09676B00C9B5EF /* GuestViewModel.swift in Sources */ = {isa = PBXBuildFile; fileRef = 37E57C152D09676B00C9B5EF /* GuestViewModel.swift */; };
		37E57C192D0970D700C9B5EF /* Kingfisher in Frameworks */ = {isa = PBXBuildFile; productRef = 37E57C182D0970D700C9B5EF /* Kingfisher */; };
		37E57C1C2D0ABFE000C9B5EF /* ring.wav in Resources */ = {isa = PBXBuildFile; fileRef = 37E57C1B2D0ABFE000C9B5EF /* ring.wav */; };
		37E57C1F2D0ABFFD00C9B5EF /* banner.png in Resources */ = {isa = PBXBuildFile; fileRef = 37E57C1E2D0ABFFD00C9B5EF /* banner.png */; };
		37E57C242D0AC02100C9B5EF /* Logo.png in Resources */ = {isa = PBXBuildFile; fileRef = 37E57C232D0AC02100C9B5EF /* Logo.png */; };
		37E57C252D0AC02100C9B5EF /* gas.png in Resources */ = {isa = PBXBuildFile; fileRef = 37E57C212D0AC02100C9B5EF /* gas.png */; };
		37E57C262D0AC02100C9B5EF /* login-background.jpg in Resources */ = {isa = PBXBuildFile; fileRef = 37E57C222D0AC02100C9B5EF /* login-background.jpg */; };
		37E57C272D0AC02100C9B5EF /* demoAD.jpg in Resources */ = {isa = PBXBuildFile; fileRef = 37E57C202D0AC02100C9B5EF /* demoAD.jpg */; };
		37E57C472D0AC03A00C9B5EF /* menu.svg in Resources */ = {isa = PBXBuildFile; fileRef = 37E57C452D0AC03A00C9B5EF /* menu.svg */; };
		37E57C482D0AC03A00C9B5EF /* home.svg in Resources */ = {isa = PBXBuildFile; fileRef = 37E57C282D0AC03A00C9B5EF /* home.svg */; };
		37E57C492D0AC03A00C9B5EF /* notify.svg in Resources */ = {isa = PBXBuildFile; fileRef = 37E57C3C2D0AC03A00C9B5EF /* notify.svg */; };
		37E57C4A2D0AC03A00C9B5EF /* media.svg in Resources */ = {isa = PBXBuildFile; fileRef = 37E57C392D0AC03A00C9B5EF /* media.svg */; };
		37E57C4B2D0AC03A00C9B5EF /* event.svg in Resources */ = {isa = PBXBuildFile; fileRef = 37E57C332D0AC03A00C9B5EF /* event.svg */; };
		37E57C4C2D0AC03A00C9B5EF /* calendar.svg in Resources */ = {isa = PBXBuildFile; fileRef = 37E57C322D0AC03A00C9B5EF /* calendar.svg */; };
		37E57C4D2D0AC03A00C9B5EF /* guest.svg in Resources */ = {isa = PBXBuildFile; fileRef = 37E57C372D0AC03A00C9B5EF /* guest.svg */; };
		37E57C4E2D0AC03A00C9B5EF /* people.svg in Resources */ = {isa = PBXBuildFile; fileRef = 37E57C2F2D0AC03A00C9B5EF /* people.svg */; };
		37E57C4F2D0AC03A00C9B5EF /* news.svg in Resources */ = {isa = PBXBuildFile; fileRef = 37E57C3B2D0AC03A00C9B5EF /* news.svg */; };
		37E57C502D0AC03A00C9B5EF /* life_active.svg in Resources */ = {isa = PBXBuildFile; fileRef = 37E57C2C2D0AC03A00C9B5EF /* life_active.svg */; };
		37E57C512D0AC03A00C9B5EF /* logo.svg in Resources */ = {isa = PBXBuildFile; fileRef = 37E57C422D0AC03A00C9B5EF /* logo.svg */; };
		37E57C522D0AC03A00C9B5EF /* mgmtfee.svg in Resources */ = {isa = PBXBuildFile; fileRef = 37E57C3A2D0AC03A00C9B5EF /* mgmtfee.svg */; };
		37E57C532D0AC03A00C9B5EF /* home_active.svg in Resources */ = {isa = PBXBuildFile; fileRef = 37E57C292D0AC03A00C9B5EF /* home_active.svg */; };
		37E57C542D0AC03A00C9B5EF /* rules.svg in Resources */ = {isa = PBXBuildFile; fileRef = 37E57C3F2D0AC03A00C9B5EF /* rules.svg */; };
		37E57C552D0AC03A00C9B5EF /* feedback.svg in Resources */ = {isa = PBXBuildFile; fileRef = 37E57C352D0AC03A00C9B5EF /* feedback.svg */; };
		37E57C572D0AC03A00C9B5EF /* people_active.svg in Resources */ = {isa = PBXBuildFile; fileRef = 37E57C302D0AC03A00C9B5EF /* people_active.svg */; };
		37E57C582D0AC03A00C9B5EF /* memo-1024.svg in Resources */ = {isa = PBXBuildFile; fileRef = 37E57C442D0AC03A00C9B5EF /* memo-1024.svg */; };
		37E57C592D0AC03A00C9B5EF /* life.svg in Resources */ = {isa = PBXBuildFile; fileRef = 37E57C2B2D0AC03A00C9B5EF /* life.svg */; };
		37E57C5A2D0AC03A00C9B5EF /* gas.svg in Resources */ = {isa = PBXBuildFile; fileRef = 37E57C362D0AC03A00C9B5EF /* gas.svg */; };
		37E57C5B2D0AC03A00C9B5EF /* postal.svg in Resources */ = {isa = PBXBuildFile; fileRef = 37E57C3E2D0AC03A00C9B5EF /* postal.svg */; };
		37E57C5C2D0AC03A00C9B5EF /* vote.svg in Resources */ = {isa = PBXBuildFile; fileRef = 37E57C402D0AC03A00C9B5EF /* vote.svg */; };
		37E57C5D2D0AC03A00C9B5EF /* logo_outlined.svg in Resources */ = {isa = PBXBuildFile; fileRef = 37E57C432D0AC03A00C9B5EF /* logo_outlined.svg */; };
		37E57C5E2D0AC03A00C9B5EF /* facility.svg in Resources */ = {isa = PBXBuildFile; fileRef = 37E57C342D0AC03A00C9B5EF /* facility.svg */; };
		37E57C5F2D0AC03A00C9B5EF /* points.svg in Resources */ = {isa = PBXBuildFile; fileRef = 37E57C3D2D0AC03A00C9B5EF /* points.svg */; };
		37E57C602D0AC03A00C9B5EF /* notify_active.svg in Resources */ = {isa = PBXBuildFile; fileRef = 37E57C2E2D0AC03A00C9B5EF /* notify_active.svg */; };
		37E57C612D0AC03A00C9B5EF /* intercom.svg in Resources */ = {isa = PBXBuildFile; fileRef = 37E57C382D0AC03A00C9B5EF /* intercom.svg */; };
		37E57C622D0AC03A00C9B5EF /* lele_mic.svg in Resources */ = {isa = PBXBuildFile; fileRef = 37E57C2A2D0AC03A00C9B5EF /* lele_mic.svg */; };
		37E57C652D0BCCEE00C9B5EF /* LoadMoreManager.swift in Sources */ = {isa = PBXBuildFile; fileRef = 37E57C642D0BCCEE00C9B5EF /* LoadMoreManager.swift */; };
		37E57C672D0C144F00C9B5EF /* LoadMoreView.swift in Sources */ = {isa = PBXBuildFile; fileRef = 37E57C662D0C144F00C9B5EF /* LoadMoreView.swift */; };
		37E57C692D1006DB00C9B5EF /* Publisher+.swift in Sources */ = {isa = PBXBuildFile; fileRef = 37E57C682D1006DB00C9B5EF /* Publisher+.swift */; };
		37E57C6B2D1019F100C9B5EF /* APIService+Async.swift in Sources */ = {isa = PBXBuildFile; fileRef = 37E57C6A2D1019F100C9B5EF /* APIService+Async.swift */; };
		37E57C6E2D1129E900C9B5EF /* FacilityView.swift in Sources */ = {isa = PBXBuildFile; fileRef = 37E57C6D2D1129E900C9B5EF /* FacilityView.swift */; };
		37E57C702D1129F200C9B5EF /* FacilityCell.swift in Sources */ = {isa = PBXBuildFile; fileRef = 37E57C6F2D1129F200C9B5EF /* FacilityCell.swift */; };
		37E57C722D112A0000C9B5EF /* FacilityViewModel.swift in Sources */ = {isa = PBXBuildFile; fileRef = 37E57C712D112A0000C9B5EF /* FacilityViewModel.swift */; };
		37E57C752D11669300C9B5EF /* FacilityReservationView.swift in Sources */ = {isa = PBXBuildFile; fileRef = 37E57C742D11669300C9B5EF /* FacilityReservationView.swift */; };
		37E57C772D1166A500C9B5EF /* FacilityRecordView.swift in Sources */ = {isa = PBXBuildFile; fileRef = 37E57C762D1166A500C9B5EF /* FacilityRecordView.swift */; };
		37E57C792D11672F00C9B5EF /* FacilityReservationViewModel.swift in Sources */ = {isa = PBXBuildFile; fileRef = 37E57C782D11672F00C9B5EF /* FacilityReservationViewModel.swift */; };
		37E57C7B2D11676900C9B5EF /* FacilityRecordViewModel.swift in Sources */ = {isa = PBXBuildFile; fileRef = 37E57C7A2D11676900C9B5EF /* FacilityRecordViewModel.swift */; };
		37E57C7D2D116BAD00C9B5EF /* FacilityBookingCell.swift in Sources */ = {isa = PBXBuildFile; fileRef = 37E57C7C2D116BAD00C9B5EF /* FacilityBookingCell.swift */; };
		37E57C802D12B3F900C9B5EF /* LoginRecordView.swift in Sources */ = {isa = PBXBuildFile; fileRef = 37E57C7F2D12B3F900C9B5EF /* LoginRecordView.swift */; };
		37E57C822D12B47300C9B5EF /* LoginRecordViewModel.swift in Sources */ = {isa = PBXBuildFile; fileRef = 37E57C812D12B47300C9B5EF /* LoginRecordViewModel.swift */; };
		37E57C852D12B89200C9B5EF /* GasView.swift in Sources */ = {isa = PBXBuildFile; fileRef = 37E57C842D12B89200C9B5EF /* GasView.swift */; };
		37E57C872D12B8A400C9B5EF /* GasViewModel.swift in Sources */ = {isa = PBXBuildFile; fileRef = 37E57C862D12B8A400C9B5EF /* GasViewModel.swift */; };
		37E57C8A2D12C2EF00C9B5EF /* ManageFeeView.swift in Sources */ = {isa = PBXBuildFile; fileRef = 37E57C892D12C2EF00C9B5EF /* ManageFeeView.swift */; };
		37E57C8C2D12C2FA00C9B5EF /* ManageFeeViewModel.swift in Sources */ = {isa = PBXBuildFile; fileRef = 37E57C8B2D12C2FA00C9B5EF /* ManageFeeViewModel.swift */; };
		37E57C902D12CADC00C9B5EF /* VoteView.swift in Sources */ = {isa = PBXBuildFile; fileRef = 37E57C8F2D12CADC00C9B5EF /* VoteView.swift */; };
		37E57C922D12CAEE00C9B5EF /* FeedBackView.swift in Sources */ = {isa = PBXBuildFile; fileRef = 37E57C912D12CAEE00C9B5EF /* FeedBackView.swift */; };
		37E57C942D12CAF700C9B5EF /* FeedBackViewModel.swift in Sources */ = {isa = PBXBuildFile; fileRef = 37E57C932D12CAF700C9B5EF /* FeedBackViewModel.swift */; };
		37E57C962D12CB0100C9B5EF /* VoteViewModel.swift in Sources */ = {isa = PBXBuildFile; fileRef = 37E57C952D12CB0100C9B5EF /* VoteViewModel.swift */; };
		37E57C982D12D2AF00C9B5EF /* FacilityDetailView.swift in Sources */ = {isa = PBXBuildFile; fileRef = 37E57C972D12D2AF00C9B5EF /* FacilityDetailView.swift */; };
		37E57C9D2D12D2F600C9B5EF /* FacilityDetailViewModel.swift in Sources */ = {isa = PBXBuildFile; fileRef = 37E57C9C2D12D2F600C9B5EF /* FacilityDetailViewModel.swift */; };
		37E57CA02D13B68A00C9B5EF /* ChatView.swift in Sources */ = {isa = PBXBuildFile; fileRef = 37E57C9F2D13B68A00C9B5EF /* ChatView.swift */; };
		37E57CA22D13B6A100C9B5EF /* ChatViewModel.swift in Sources */ = {isa = PBXBuildFile; fileRef = 37E57CA12D13B6A100C9B5EF /* ChatViewModel.swift */; };
		45D1AD1448C41279421CE9DE /* Pods_leleIOS.framework in Frameworks */ = {isa = PBXBuildFile; fileRef = 59D5F575136CEC3C6D599C30 /* Pods_leleIOS.framework */; };
/* End PBXBuildFile section */

/* Begin PBXFileReference section */
		374A5EAC2CFEEC1100A36375 /* Register.swift */ = {isa = PBXFileReference; lastKnownFileType = sourcecode.swift; path = Register.swift; sourceTree = "<group>"; };
		374A5EB02CFEF90E00A36375 /* BaseTextStyle.swift */ = {isa = PBXFileReference; lastKnownFileType = sourcecode.swift; path = BaseTextStyle.swift; sourceTree = "<group>"; };
		374A5EB12CFEF90E00A36375 /* ButtonTextStyle.swift */ = {isa = PBXFileReference; lastKnownFileType = sourcecode.swift; path = ButtonTextStyle.swift; sourceTree = "<group>"; };
		374A5EB22CFEF90E00A36375 /* JimTextFieldStyle.swift */ = {isa = PBXFileReference; lastKnownFileType = sourcecode.swift; path = JimTextFieldStyle.swift; sourceTree = "<group>"; };
		374A5EB42CFEF90E00A36375 /* NewPasswordView.swift */ = {isa = PBXFileReference; lastKnownFileType = sourcecode.swift; path = NewPasswordView.swift; sourceTree = "<group>"; };
		374A5EB52CFEF90E00A36375 /* NewPasswordViewModel.swift */ = {isa = PBXFileReference; lastKnownFileType = sourcecode.swift; path = NewPasswordViewModel.swift; sourceTree = "<group>"; };
		374A5EBC2CFEFA5A00A36375 /* UIColor+.swift */ = {isa = PBXFileReference; lastKnownFileType = sourcecode.swift; path = "UIColor+.swift"; sourceTree = "<group>"; };
		374A5EBE2CFEFA8900A36375 /* String+.swift */ = {isa = PBXFileReference; lastKnownFileType = sourcecode.swift; path = "String+.swift"; sourceTree = "<group>"; };
		374A5EC02CFEFAB600A36375 /* APPColor.swift */ = {isa = PBXFileReference; lastKnownFileType = sourcecode.swift; path = APPColor.swift; sourceTree = "<group>"; };
		374A5EC22CFF044600A36375 /* BaseButtonStyle.swift */ = {isa = PBXFileReference; lastKnownFileType = sourcecode.swift; path = BaseButtonStyle.swift; sourceTree = "<group>"; };
		374A5EC42CFF0A3D00A36375 /* BaseButtonContent.swift */ = {isa = PBXFileReference; lastKnownFileType = sourcecode.swift; path = BaseButtonContent.swift; sourceTree = "<group>"; };
		374A5EC62D00070700A36375 /* ProfileViewModel.swift */ = {isa = PBXFileReference; lastKnownFileType = sourcecode.swift; path = ProfileViewModel.swift; sourceTree = "<group>"; };
		374A5EC82D0032E900A36375 /* MainTabViewModel.swift */ = {isa = PBXFileReference; lastKnownFileType = sourcecode.swift; path = MainTabViewModel.swift; sourceTree = "<group>"; };
		374A5ECA2D00489C00A36375 /* ProfileOptionView.swift */ = {isa = PBXFileReference; lastKnownFileType = sourcecode.swift; path = ProfileOptionView.swift; sourceTree = "<group>"; };
		374A5ECC2D00527F00A36375 /* UserInfoCardView.swift */ = {isa = PBXFileReference; lastKnownFileType = sourcecode.swift; path = UserInfoCardView.swift; sourceTree = "<group>"; };
		374A5ECE2D0054A400A36375 /* CommunityInfoCardView.swift */ = {isa = PBXFileReference; lastKnownFileType = sourcecode.swift; path = CommunityInfoCardView.swift; sourceTree = "<group>"; };
		374A5ED22D01361100A36375 /* IntercomView.swift */ = {isa = PBXFileReference; lastKnownFileType = sourcecode.swift; path = IntercomView.swift; sourceTree = "<group>"; };
		374A5ED42D0138DA00A36375 /* IntercomCell.swift */ = {isa = PBXFileReference; lastKnownFileType = sourcecode.swift; path = IntercomCell.swift; sourceTree = "<group>"; };
		374A5ED62D0138F600A36375 /* IntercomViewModel.swift */ = {isa = PBXFileReference; lastKnownFileType = sourcecode.swift; path = IntercomViewModel.swift; sourceTree = "<group>"; };
		374A5ED82D018F0500A36375 /* PostalServiceView.swift */ = {isa = PBXFileReference; lastKnownFileType = sourcecode.swift; path = PostalServiceView.swift; sourceTree = "<group>"; };
		374A5EDA2D01994F00A36375 /* PostalServicViewModel.swift */ = {isa = PBXFileReference; lastKnownFileType = sourcecode.swift; path = PostalServicViewModel.swift; sourceTree = "<group>"; };
		374A5EDC2D019A9B00A36375 /* PostalServiceCell.swift */ = {isa = PBXFileReference; lastKnownFileType = sourcecode.swift; path = PostalServiceCell.swift; sourceTree = "<group>"; };
		374A5EDE2D02A3A400A36375 /* Navigation+.swift */ = {isa = PBXFileReference; lastKnownFileType = sourcecode.swift; path = "Navigation+.swift"; sourceTree = "<group>"; };
		374A5EE02D02F70F00A36375 /* View+.swift */ = {isa = PBXFileReference; lastKnownFileType = sourcecode.swift; path = "View+.swift"; sourceTree = "<group>"; };
		374A5EE22D067C7D00A36375 /* AppText.swift */ = {isa = PBXFileReference; lastKnownFileType = sourcecode.swift; path = AppText.swift; sourceTree = "<group>"; };
		374A5EE42D06D22F00A36375 /* PostalServiceCellViewModel.swift */ = {isa = PBXFileReference; lastKnownFileType = sourcecode.swift; path = PostalServiceCellViewModel.swift; sourceTree = "<group>"; };
		375D8A402CFD48C800A1E02B /* leleIOS.app */ = {isa = PBXFileReference; explicitFileType = wrapper.application; includeInIndex = 0; path = leleIOS.app; sourceTree = BUILT_PRODUCTS_DIR; };
		375D8A432CFD48C800A1E02B /* leleIOSApp.swift */ = {isa = PBXFileReference; lastKnownFileType = sourcecode.swift; path = leleIOSApp.swift; sourceTree = "<group>"; };
		375D8A452CFD48C800A1E02B /* ContentView.swift */ = {isa = PBXFileReference; lastKnownFileType = sourcecode.swift; path = ContentView.swift; sourceTree = "<group>"; };
		375D8A472CFD48C900A1E02B /* Assets.xcassets */ = {isa = PBXFileReference; lastKnownFileType = folder.assetcatalog; path = Assets.xcassets; sourceTree = "<group>"; };
		375D8A4A2CFD48C900A1E02B /* Preview Assets.xcassets */ = {isa = PBXFileReference; lastKnownFileType = folder.assetcatalog; path = "Preview Assets.xcassets"; sourceTree = "<group>"; };
		375D8A512CFD4A6100A1E02B /* Date+.swift */ = {isa = PBXFileReference; fileEncoding = 4; lastKnownFileType = sourcecode.swift; path = "Date+.swift"; sourceTree = "<group>"; };
		375D8A532CFD4A6100A1E02B /* UserDefault.swift */ = {isa = PBXFileReference; fileEncoding = 4; lastKnownFileType = sourcecode.swift; path = UserDefault.swift; sourceTree = "<group>"; };
		375D8A552CFD4A6100A1E02B /* ApiProtocol.swift */ = {isa = PBXFileReference; fileEncoding = 4; lastKnownFileType = sourcecode.swift; path = ApiProtocol.swift; sourceTree = "<group>"; };
		375D8A562CFD4A6100A1E02B /* APIService.swift */ = {isa = PBXFileReference; fileEncoding = 4; lastKnownFileType = sourcecode.swift; path = APIService.swift; sourceTree = "<group>"; };
		375D8A572CFD4A6100A1E02B /* ApiService+.swift */ = {isa = PBXFileReference; fileEncoding = 4; lastKnownFileType = sourcecode.swift; path = "ApiService+.swift"; sourceTree = "<group>"; };
		375D8A582CFD4A6100A1E02B /* MyPlugin.swift */ = {isa = PBXFileReference; fileEncoding = 4; lastKnownFileType = sourcecode.swift; path = MyPlugin.swift; sourceTree = "<group>"; };
		375D8A5A2CFD4A6100A1E02B /* FeatureApi.swift */ = {isa = PBXFileReference; fileEncoding = 4; lastKnownFileType = sourcecode.swift; path = FeatureApi.swift; sourceTree = "<group>"; };
		375D8A5B2CFD4A6100A1E02B /* HomeApi.swift */ = {isa = PBXFileReference; fileEncoding = 4; lastKnownFileType = sourcecode.swift; path = HomeApi.swift; sourceTree = "<group>"; };
		375D8A5C2CFD4A6100A1E02B /* LaunchApi.swift */ = {isa = PBXFileReference; fileEncoding = 4; lastKnownFileType = sourcecode.swift; path = LaunchApi.swift; sourceTree = "<group>"; };
		375D8A5D2CFD4A6100A1E02B /* NotifyApi.swift */ = {isa = PBXFileReference; fileEncoding = 4; lastKnownFileType = sourcecode.swift; path = NotifyApi.swift; sourceTree = "<group>"; };
		375D8A5E2CFD4A6100A1E02B /* PublicFacilitiesApi.swift */ = {isa = PBXFileReference; fileEncoding = 4; lastKnownFileType = sourcecode.swift; path = PublicFacilitiesApi.swift; sourceTree = "<group>"; };
		375D8A5F2CFD4A6100A1E02B /* UserApi.swift */ = {isa = PBXFileReference; fileEncoding = 4; lastKnownFileType = sourcecode.swift; path = UserApi.swift; sourceTree = "<group>"; };
		375D8A612CFD4A6100A1E02B /* BaseAPIModel.swift */ = {isa = PBXFileReference; fileEncoding = 4; lastKnownFileType = sourcecode.swift; path = BaseAPIModel.swift; sourceTree = "<group>"; };
		375D8A622CFD4A6100A1E02B /* FeatureModel.swift */ = {isa = PBXFileReference; fileEncoding = 4; lastKnownFileType = sourcecode.swift; path = FeatureModel.swift; sourceTree = "<group>"; };
		375DC54C2D2663A700980984 /* easySegmentObject.swift */ = {isa = PBXFileReference; lastKnownFileType = sourcecode.swift; path = easySegmentObject.swift; sourceTree = "<group>"; };
		375DC54E2D267A9A00980984 /* PageTabView.swift */ = {isa = PBXFileReference; lastKnownFileType = sourcecode.swift; path = PageTabView.swift; sourceTree = "<group>"; };
		375DC5502D27E87C00980984 /* testInsturctment.swift */ = {isa = PBXFileReference; lastKnownFileType = sourcecode.swift; path = testInsturctment.swift; sourceTree = "<group>"; };
		375DC55B2D2D060E00980984 /* DeviceObject.swift */ = {isa = PBXFileReference; lastKnownFileType = sourcecode.swift; path = DeviceObject.swift; sourceTree = "<group>"; };
		375DC55E2D2D1B7D00980984 /* QRCodeView.swift */ = {isa = PBXFileReference; lastKnownFileType = sourcecode.swift; path = QRCodeView.swift; sourceTree = "<group>"; };
		375DC5602D2D1CE400980984 /* QRCodeScanViewModel.swift */ = {isa = PBXFileReference; lastKnownFileType = sourcecode.swift; path = QRCodeScanViewModel.swift; sourceTree = "<group>"; };
		375DC5622D2E154900980984 /* NotificationDetailView.swift */ = {isa = PBXFileReference; lastKnownFileType = sourcecode.swift; path = NotificationDetailView.swift; sourceTree = "<group>"; };
		375DC5642D2FCF7B00980984 /* FileWebView.swift */ = {isa = PBXFileReference; lastKnownFileType = sourcecode.swift; path = FileWebView.swift; sourceTree = "<group>"; };
		377F99962D08101500BE818A /* LaunchScreenView.swift */ = {isa = PBXFileReference; lastKnownFileType = sourcecode.swift; path = LaunchScreenView.swift; sourceTree = "<group>"; };
		377F99982D08125000BE818A /* Info.plist */ = {isa = PBXFileReference; lastKnownFileType = text.plist; path = Info.plist; sourceTree = "<group>"; };
		377F999A2D081D9000BE818A /* SecurityControlView.swift */ = {isa = PBXFileReference; lastKnownFileType = sourcecode.swift; path = SecurityControlView.swift; sourceTree = "<group>"; };
		377F999C2D081DE400BE818A /* SecurityControlCell.swift */ = {isa = PBXFileReference; lastKnownFileType = sourcecode.swift; path = SecurityControlCell.swift; sourceTree = "<group>"; };
		377F999E2D081F4100BE818A /* SecurityControlViewModel.swift */ = {isa = PBXFileReference; lastKnownFileType = sourcecode.swift; path = SecurityControlViewModel.swift; sourceTree = "<group>"; };
		377F99A22D08266800BE818A /* BulletinView.swift */ = {isa = PBXFileReference; lastKnownFileType = sourcecode.swift; path = BulletinView.swift; sourceTree = "<group>"; };
		377F99A42D08268100BE818A /* BulletinCell.swift */ = {isa = PBXFileReference; lastKnownFileType = sourcecode.swift; path = BulletinCell.swift; sourceTree = "<group>"; };
		377F99A62D08269400BE818A /* BulletinViewModel.swift */ = {isa = PBXFileReference; lastKnownFileType = sourcecode.swift; path = BulletinViewModel.swift; sourceTree = "<group>"; };
		377F99A92D0834EE00BE818A /* BulletinDetailView.swift */ = {isa = PBXFileReference; lastKnownFileType = sourcecode.swift; path = BulletinDetailView.swift; sourceTree = "<group>"; };
		37C091012D155AFA00E5A7CE /* PostalServiceEntryView.swift */ = {isa = PBXFileReference; lastKnownFileType = sourcecode.swift; path = PostalServiceEntryView.swift; sourceTree = "<group>"; };
		37C091032D1568A900E5A7CE /* PostalServiceEntryViewModel.swift */ = {isa = PBXFileReference; lastKnownFileType = sourcecode.swift; path = PostalServiceEntryViewModel.swift; sourceTree = "<group>"; };
		37C091052D190AFA00E5A7CE /* CommunityManagerApi.swift */ = {isa = PBXFileReference; lastKnownFileType = sourcecode.swift; path = CommunityManagerApi.swift; sourceTree = "<group>"; };
		37C091072D19146400E5A7CE /* ManagerModel.swift */ = {isa = PBXFileReference; lastKnownFileType = sourcecode.swift; path = ManagerModel.swift; sourceTree = "<group>"; };
		37C091092D194A8800E5A7CE /* TextPicker.swift */ = {isa = PBXFileReference; lastKnownFileType = sourcecode.swift; path = TextPicker.swift; sourceTree = "<group>"; };
		37C0910B2D1953BF00E5A7CE /* Array+.swift */ = {isa = PBXFileReference; lastKnownFileType = sourcecode.swift; path = "Array+.swift"; sourceTree = "<group>"; };
		37C0910D2D1957DD00E5A7CE /* SheetPickerView.swift */ = {isa = PBXFileReference; lastKnownFileType = sourcecode.swift; path = SheetPickerView.swift; sourceTree = "<group>"; };
		37C091112D1D067800E5A7CE /* FastRegisterPackageView.swift */ = {isa = PBXFileReference; lastKnownFileType = sourcecode.swift; path = FastRegisterPackageView.swift; sourceTree = "<group>"; };
		37C091132D1D070E00E5A7CE /* CameraView.swift */ = {isa = PBXFileReference; lastKnownFileType = sourcecode.swift; path = CameraView.swift; sourceTree = "<group>"; };
		37C091152D1D097500E5A7CE /* FastRegisterPackageViewModel.swift */ = {isa = PBXFileReference; lastKnownFileType = sourcecode.swift; path = FastRegisterPackageViewModel.swift; sourceTree = "<group>"; };
		37C0911C2D1D279D00E5A7CE /* UIImage+.swift */ = {isa = PBXFileReference; lastKnownFileType = sourcecode.swift; path = "UIImage+.swift"; sourceTree = "<group>"; };
		37C0911E2D1D471A00E5A7CE /* testPackage.png */ = {isa = PBXFileReference; lastKnownFileType = image.png; path = testPackage.png; sourceTree = "<group>"; };
		37C091202D1E8C3300E5A7CE /* ChatBubbleCell.swift */ = {isa = PBXFileReference; lastKnownFileType = sourcecode.swift; path = ChatBubbleCell.swift; sourceTree = "<group>"; };
		37C091222D1E8FE600E5A7CE /* ChatCellViewModel.swift */ = {isa = PBXFileReference; lastKnownFileType = sourcecode.swift; path = ChatCellViewModel.swift; sourceTree = "<group>"; };
		37C091242D1E917500E5A7CE /* AudioPlayerManager.swift */ = {isa = PBXFileReference; lastKnownFileType = sourcecode.swift; path = AudioPlayerManager.swift; sourceTree = "<group>"; };
		37C091292D1EB08100E5A7CE /* LoadingOverlay.swift */ = {isa = PBXFileReference; lastKnownFileType = sourcecode.swift; path = LoadingOverlay.swift; sourceTree = "<group>"; };
		37C7F76B2CFD905200F32A5C /* MainTabView.swift */ = {isa = PBXFileReference; lastKnownFileType = sourcecode.swift; path = MainTabView.swift; sourceTree = "<group>"; };
		37C7F7712CFD912400F32A5C /* ProfileView.swift */ = {isa = PBXFileReference; lastKnownFileType = sourcecode.swift; path = ProfileView.swift; sourceTree = "<group>"; };
		37C7F7742CFD917B00F32A5C /* NotificationView.swift */ = {isa = PBXFileReference; lastKnownFileType = sourcecode.swift; path = NotificationView.swift; sourceTree = "<group>"; };
		37C7F7772CFD91FC00F32A5C /* HomeView.swift */ = {isa = PBXFileReference; lastKnownFileType = sourcecode.swift; path = HomeView.swift; sourceTree = "<group>"; };
		37C7F77B2CFD9A9900F32A5C /* NotificationViewModel.swift */ = {isa = PBXFileReference; lastKnownFileType = sourcecode.swift; path = NotificationViewModel.swift; sourceTree = "<group>"; };
		37C7F77E2CFDB9F700F32A5C /* SegmentedTabView.swift */ = {isa = PBXFileReference; lastKnownFileType = sourcecode.swift; path = SegmentedTabView.swift; sourceTree = "<group>"; };
		37C7F7802CFDBA5200F32A5C /* NotificationCell.swift */ = {isa = PBXFileReference; lastKnownFileType = sourcecode.swift; path = NotificationCell.swift; sourceTree = "<group>"; };
		37C7F7862CFED1B700F32A5C /* LoginView.swift */ = {isa = PBXFileReference; lastKnownFileType = sourcecode.swift; path = LoginView.swift; sourceTree = "<group>"; };
		37C7F7882CFED2FF00F32A5C /* LoginViewModel.swift */ = {isa = PBXFileReference; lastKnownFileType = sourcecode.swift; path = LoginViewModel.swift; sourceTree = "<group>"; };
		37C7F78D2CFED9D400F32A5C /* ForgotPasswordView.swift */ = {isa = PBXFileReference; lastKnownFileType = sourcecode.swift; path = ForgotPasswordView.swift; sourceTree = "<group>"; };
		37E57C052D083A6800C9B5EF /* SwiftUITextView.swift */ = {isa = PBXFileReference; lastKnownFileType = sourcecode.swift; path = SwiftUITextView.swift; sourceTree = "<group>"; };
		37E57C082D083FF700C9B5EF /* RuleView.swift */ = {isa = PBXFileReference; lastKnownFileType = sourcecode.swift; path = RuleView.swift; sourceTree = "<group>"; };
		37E57C0C2D08401100C9B5EF /* RuleViewModel.swift */ = {isa = PBXFileReference; lastKnownFileType = sourcecode.swift; path = RuleViewModel.swift; sourceTree = "<group>"; };
		37E57C0E2D0934A800C9B5EF /* HomeView+.swift */ = {isa = PBXFileReference; lastKnownFileType = sourcecode.swift; path = "HomeView+.swift"; sourceTree = "<group>"; };
		37E57C112D095DCA00C9B5EF /* GuestView.swift */ = {isa = PBXFileReference; lastKnownFileType = sourcecode.swift; path = GuestView.swift; sourceTree = "<group>"; };
		37E57C132D095F5000C9B5EF /* GuestCell.swift */ = {isa = PBXFileReference; lastKnownFileType = sourcecode.swift; path = GuestCell.swift; sourceTree = "<group>"; };
		37E57C152D09676B00C9B5EF /* GuestViewModel.swift */ = {isa = PBXFileReference; lastKnownFileType = sourcecode.swift; path = GuestViewModel.swift; sourceTree = "<group>"; };
		37E57C1B2D0ABFE000C9B5EF /* ring.wav */ = {isa = PBXFileReference; lastKnownFileType = audio.wav; path = ring.wav; sourceTree = "<group>"; };
		37E57C1E2D0ABFFD00C9B5EF /* banner.png */ = {isa = PBXFileReference; lastKnownFileType = image.png; path = banner.png; sourceTree = "<group>"; };
		37E57C202D0AC02100C9B5EF /* demoAD.jpg */ = {isa = PBXFileReference; lastKnownFileType = image.jpeg; path = demoAD.jpg; sourceTree = "<group>"; };
		37E57C212D0AC02100C9B5EF /* gas.png */ = {isa = PBXFileReference; lastKnownFileType = image.png; path = gas.png; sourceTree = "<group>"; };
		37E57C222D0AC02100C9B5EF /* login-background.jpg */ = {isa = PBXFileReference; lastKnownFileType = image.jpeg; path = "login-background.jpg"; sourceTree = "<group>"; };
		37E57C232D0AC02100C9B5EF /* Logo.png */ = {isa = PBXFileReference; lastKnownFileType = image.png; path = Logo.png; sourceTree = "<group>"; };
		37E57C282D0AC03A00C9B5EF /* home.svg */ = {isa = PBXFileReference; lastKnownFileType = text.xml; path = home.svg; sourceTree = "<group>"; };
		37E57C292D0AC03A00C9B5EF /* home_active.svg */ = {isa = PBXFileReference; lastKnownFileType = text.xml; path = home_active.svg; sourceTree = "<group>"; };
		37E57C2A2D0AC03A00C9B5EF /* lele_mic.svg */ = {isa = PBXFileReference; lastKnownFileType = text.xml; path = lele_mic.svg; sourceTree = "<group>"; };
		37E57C2B2D0AC03A00C9B5EF /* life.svg */ = {isa = PBXFileReference; lastKnownFileType = text.xml; path = life.svg; sourceTree = "<group>"; };
		37E57C2C2D0AC03A00C9B5EF /* life_active.svg */ = {isa = PBXFileReference; lastKnownFileType = text.xml; path = life_active.svg; sourceTree = "<group>"; };
		37E57C2D2D0AC03A00C9B5EF /* notify.svg */ = {isa = PBXFileReference; lastKnownFileType = text.xml; path = notify.svg; sourceTree = "<group>"; };
		37E57C2E2D0AC03A00C9B5EF /* notify_active.svg */ = {isa = PBXFileReference; lastKnownFileType = text.xml; path = notify_active.svg; sourceTree = "<group>"; };
		37E57C2F2D0AC03A00C9B5EF /* people.svg */ = {isa = PBXFileReference; lastKnownFileType = text.xml; path = people.svg; sourceTree = "<group>"; };
		37E57C302D0AC03A00C9B5EF /* people_active.svg */ = {isa = PBXFileReference; lastKnownFileType = text.xml; path = people_active.svg; sourceTree = "<group>"; };
		37E57C322D0AC03A00C9B5EF /* calendar.svg */ = {isa = PBXFileReference; lastKnownFileType = text.xml; path = calendar.svg; sourceTree = "<group>"; };
		37E57C332D0AC03A00C9B5EF /* event.svg */ = {isa = PBXFileReference; lastKnownFileType = text.xml; path = event.svg; sourceTree = "<group>"; };
		37E57C342D0AC03A00C9B5EF /* facility.svg */ = {isa = PBXFileReference; lastKnownFileType = text.xml; path = facility.svg; sourceTree = "<group>"; };
		37E57C352D0AC03A00C9B5EF /* feedback.svg */ = {isa = PBXFileReference; lastKnownFileType = text.xml; path = feedback.svg; sourceTree = "<group>"; };
		37E57C362D0AC03A00C9B5EF /* gas.svg */ = {isa = PBXFileReference; lastKnownFileType = text.xml; path = gas.svg; sourceTree = "<group>"; };
		37E57C372D0AC03A00C9B5EF /* guest.svg */ = {isa = PBXFileReference; lastKnownFileType = text.xml; path = guest.svg; sourceTree = "<group>"; };
		37E57C382D0AC03A00C9B5EF /* intercom.svg */ = {isa = PBXFileReference; lastKnownFileType = text.xml; path = intercom.svg; sourceTree = "<group>"; };
		37E57C392D0AC03A00C9B5EF /* media.svg */ = {isa = PBXFileReference; lastKnownFileType = text.xml; path = media.svg; sourceTree = "<group>"; };
		37E57C3A2D0AC03A00C9B5EF /* mgmtfee.svg */ = {isa = PBXFileReference; lastKnownFileType = text.xml; path = mgmtfee.svg; sourceTree = "<group>"; };
		37E57C3B2D0AC03A00C9B5EF /* news.svg */ = {isa = PBXFileReference; lastKnownFileType = text.xml; path = news.svg; sourceTree = "<group>"; };
		37E57C3C2D0AC03A00C9B5EF /* notify.svg */ = {isa = PBXFileReference; lastKnownFileType = text.xml; path = notify.svg; sourceTree = "<group>"; };
		37E57C3D2D0AC03A00C9B5EF /* points.svg */ = {isa = PBXFileReference; lastKnownFileType = text.xml; path = points.svg; sourceTree = "<group>"; };
		37E57C3E2D0AC03A00C9B5EF /* postal.svg */ = {isa = PBXFileReference; lastKnownFileType = text.xml; path = postal.svg; sourceTree = "<group>"; };
		37E57C3F2D0AC03A00C9B5EF /* rules.svg */ = {isa = PBXFileReference; lastKnownFileType = text.xml; path = rules.svg; sourceTree = "<group>"; };
		37E57C402D0AC03A00C9B5EF /* vote.svg */ = {isa = PBXFileReference; lastKnownFileType = text.xml; path = vote.svg; sourceTree = "<group>"; };
		37E57C422D0AC03A00C9B5EF /* logo.svg */ = {isa = PBXFileReference; lastKnownFileType = text.xml; path = logo.svg; sourceTree = "<group>"; };
		37E57C432D0AC03A00C9B5EF /* logo_outlined.svg */ = {isa = PBXFileReference; lastKnownFileType = text.xml; path = logo_outlined.svg; sourceTree = "<group>"; };
		37E57C442D0AC03A00C9B5EF /* memo-1024.svg */ = {isa = PBXFileReference; lastKnownFileType = text.xml; path = "memo-1024.svg"; sourceTree = "<group>"; };
		37E57C452D0AC03A00C9B5EF /* menu.svg */ = {isa = PBXFileReference; lastKnownFileType = text.xml; path = menu.svg; sourceTree = "<group>"; };
		37E57C642D0BCCEE00C9B5EF /* LoadMoreManager.swift */ = {isa = PBXFileReference; lastKnownFileType = sourcecode.swift; path = LoadMoreManager.swift; sourceTree = "<group>"; };
		37E57C662D0C144F00C9B5EF /* LoadMoreView.swift */ = {isa = PBXFileReference; lastKnownFileType = sourcecode.swift; path = LoadMoreView.swift; sourceTree = "<group>"; };
		37E57C682D1006DB00C9B5EF /* Publisher+.swift */ = {isa = PBXFileReference; lastKnownFileType = sourcecode.swift; path = "Publisher+.swift"; sourceTree = "<group>"; };
		37E57C6A2D1019F100C9B5EF /* APIService+Async.swift */ = {isa = PBXFileReference; lastKnownFileType = sourcecode.swift; path = "APIService+Async.swift"; sourceTree = "<group>"; };
		37E57C6D2D1129E900C9B5EF /* FacilityView.swift */ = {isa = PBXFileReference; lastKnownFileType = sourcecode.swift; path = FacilityView.swift; sourceTree = "<group>"; };
		37E57C6F2D1129F200C9B5EF /* FacilityCell.swift */ = {isa = PBXFileReference; lastKnownFileType = sourcecode.swift; path = FacilityCell.swift; sourceTree = "<group>"; };
		37E57C712D112A0000C9B5EF /* FacilityViewModel.swift */ = {isa = PBXFileReference; lastKnownFileType = sourcecode.swift; path = FacilityViewModel.swift; sourceTree = "<group>"; };
		37E57C742D11669300C9B5EF /* FacilityReservationView.swift */ = {isa = PBXFileReference; lastKnownFileType = sourcecode.swift; path = FacilityReservationView.swift; sourceTree = "<group>"; };
		37E57C762D1166A500C9B5EF /* FacilityRecordView.swift */ = {isa = PBXFileReference; lastKnownFileType = sourcecode.swift; path = FacilityRecordView.swift; sourceTree = "<group>"; };
		37E57C782D11672F00C9B5EF /* FacilityReservationViewModel.swift */ = {isa = PBXFileReference; lastKnownFileType = sourcecode.swift; path = FacilityReservationViewModel.swift; sourceTree = "<group>"; };
		37E57C7A2D11676900C9B5EF /* FacilityRecordViewModel.swift */ = {isa = PBXFileReference; lastKnownFileType = sourcecode.swift; path = FacilityRecordViewModel.swift; sourceTree = "<group>"; };
		37E57C7C2D116BAD00C9B5EF /* FacilityBookingCell.swift */ = {isa = PBXFileReference; lastKnownFileType = sourcecode.swift; path = FacilityBookingCell.swift; sourceTree = "<group>"; };
		37E57C7F2D12B3F900C9B5EF /* LoginRecordView.swift */ = {isa = PBXFileReference; lastKnownFileType = sourcecode.swift; path = LoginRecordView.swift; sourceTree = "<group>"; };
		37E57C812D12B47300C9B5EF /* LoginRecordViewModel.swift */ = {isa = PBXFileReference; lastKnownFileType = sourcecode.swift; path = LoginRecordViewModel.swift; sourceTree = "<group>"; };
		37E57C842D12B89200C9B5EF /* GasView.swift */ = {isa = PBXFileReference; lastKnownFileType = sourcecode.swift; path = GasView.swift; sourceTree = "<group>"; };
		37E57C862D12B8A400C9B5EF /* GasViewModel.swift */ = {isa = PBXFileReference; lastKnownFileType = sourcecode.swift; path = GasViewModel.swift; sourceTree = "<group>"; };
		37E57C892D12C2EF00C9B5EF /* ManageFeeView.swift */ = {isa = PBXFileReference; lastKnownFileType = sourcecode.swift; path = ManageFeeView.swift; sourceTree = "<group>"; };
		37E57C8B2D12C2FA00C9B5EF /* ManageFeeViewModel.swift */ = {isa = PBXFileReference; lastKnownFileType = sourcecode.swift; path = ManageFeeViewModel.swift; sourceTree = "<group>"; };
		37E57C8F2D12CADC00C9B5EF /* VoteView.swift */ = {isa = PBXFileReference; lastKnownFileType = sourcecode.swift; path = VoteView.swift; sourceTree = "<group>"; };
		37E57C912D12CAEE00C9B5EF /* FeedBackView.swift */ = {isa = PBXFileReference; lastKnownFileType = sourcecode.swift; path = FeedBackView.swift; sourceTree = "<group>"; };
		37E57C932D12CAF700C9B5EF /* FeedBackViewModel.swift */ = {isa = PBXFileReference; lastKnownFileType = sourcecode.swift; path = FeedBackViewModel.swift; sourceTree = "<group>"; };
		37E57C952D12CB0100C9B5EF /* VoteViewModel.swift */ = {isa = PBXFileReference; lastKnownFileType = sourcecode.swift; path = VoteViewModel.swift; sourceTree = "<group>"; };
		37E57C972D12D2AF00C9B5EF /* FacilityDetailView.swift */ = {isa = PBXFileReference; lastKnownFileType = sourcecode.swift; path = FacilityDetailView.swift; sourceTree = "<group>"; };
		37E57C9C2D12D2F600C9B5EF /* FacilityDetailViewModel.swift */ = {isa = PBXFileReference; lastKnownFileType = sourcecode.swift; path = FacilityDetailViewModel.swift; sourceTree = "<group>"; };
		37E57C9F2D13B68A00C9B5EF /* ChatView.swift */ = {isa = PBXFileReference; lastKnownFileType = sourcecode.swift; path = ChatView.swift; sourceTree = "<group>"; };
		37E57CA12D13B6A100C9B5EF /* ChatViewModel.swift */ = {isa = PBXFileReference; lastKnownFileType = sourcecode.swift; path = ChatViewModel.swift; sourceTree = "<group>"; };
		59D5F575136CEC3C6D599C30 /* Pods_leleIOS.framework */ = {isa = PBXFileReference; explicitFileType = wrapper.framework; includeInIndex = 0; path = Pods_leleIOS.framework; sourceTree = BUILT_PRODUCTS_DIR; };
		70BB34326F99139345CBE16E /* Pods-leleIOS.debug.xcconfig */ = {isa = PBXFileReference; includeInIndex = 1; lastKnownFileType = text.xcconfig; name = "Pods-leleIOS.debug.xcconfig"; path = "Target Support Files/Pods-leleIOS/Pods-leleIOS.debug.xcconfig"; sourceTree = "<group>"; };
		80A033F1573240CAE6B57967 /* Pods-leleIOS.release.xcconfig */ = {isa = PBXFileReference; includeInIndex = 1; lastKnownFileType = text.xcconfig; name = "Pods-leleIOS.release.xcconfig"; path = "Target Support Files/Pods-leleIOS/Pods-leleIOS.release.xcconfig"; sourceTree = "<group>"; };
/* End PBXFileReference section */

/* Begin PBXFrameworksBuildPhase section */
		375D8A3D2CFD48C800A1E02B /* Frameworks */ = {
			isa = PBXFrameworksBuildPhase;
			buildActionMask = 2147483647;
			files = (
				375D8A7F2CFD4BA900A1E02B /* RxMoya in Frameworks */,
				37C091282D1EA80100E5A7CE /* ActivityIndicatorView in Frameworks */,
				37C7F7842CFE9E7600F32A5C /* SegmentedPicker in Frameworks */,
				375D8A772CFD4B5000A1E02B /* SwiftyJSON in Frameworks */,
				375DC55A2D2D011500980984 /* DeviceKit in Frameworks */,
				375D8A742CFD4B4400A1E02B /* RxSwift in Frameworks */,
				375DC5572D2BC5ED00980984 /* WebRTC in Frameworks */,
				37E57C192D0970D700C9B5EF /* Kingfisher in Frameworks */,
				375D8A7C2CFD4B8700A1E02B /* Moya in Frameworks */,
				375D8A7A2CFD4B8700A1E02B /* CombineMoya in Frameworks */,
				45D1AD1448C41279421CE9DE /* Pods_leleIOS.framework in Frameworks */,
			);
			runOnlyForDeploymentPostprocessing = 0;
		};
/* End PBXFrameworksBuildPhase section */

/* Begin PBXGroup section */
		374A5EAB2CFEEC0800A36375 /* Register */ = {
			isa = PBXGroup;
			children = (
				374A5EAC2CFEEC1100A36375 /* Register.swift */,
			);
			path = Register;
			sourceTree = "<group>";
		};
		374A5EAF2CFEF7E900A36375 /* refence swiftUI */ = {
			isa = PBXGroup;
			children = (
				374A5EB32CFEF90E00A36375 /* ViewStyle */,
				374A5EB42CFEF90E00A36375 /* NewPasswordView.swift */,
				374A5EB52CFEF90E00A36375 /* NewPasswordViewModel.swift */,
			);
			path = "refence swiftUI";
			sourceTree = "<group>";
		};
		374A5EB32CFEF90E00A36375 /* ViewStyle */ = {
			isa = PBXGroup;
			children = (
				374A5EB02CFEF90E00A36375 /* BaseTextStyle.swift */,
				374A5EB12CFEF90E00A36375 /* ButtonTextStyle.swift */,
				374A5EB22CFEF90E00A36375 /* JimTextFieldStyle.swift */,
				374A5EC42CFF0A3D00A36375 /* BaseButtonContent.swift */,
			);
			path = ViewStyle;
			sourceTree = "<group>";
		};
		374A5ED12D0135C800A36375 /* IntercomView */ = {
			isa = PBXGroup;
			children = (
				374A5ED22D01361100A36375 /* IntercomView.swift */,
				374A5ED62D0138F600A36375 /* IntercomViewModel.swift */,
				374A5ED42D0138DA00A36375 /* IntercomCell.swift */,
			);
			path = IntercomView;
			sourceTree = "<group>";
		};
		375D8A372CFD48C800A1E02B = {
			isa = PBXGroup;
			children = (
				375D8A422CFD48C800A1E02B /* leleIOS */,
				375D8A412CFD48C800A1E02B /* Products */,
				375D8A7D2CFD4BA900A1E02B /* Frameworks */,
				81E1E02BE7B6D796B56403E8 /* Pods */,
			);
			sourceTree = "<group>";
		};
		375D8A412CFD48C800A1E02B /* Products */ = {
			isa = PBXGroup;
			children = (
				375D8A402CFD48C800A1E02B /* leleIOS.app */,
			);
			name = Products;
			sourceTree = "<group>";
		};
		375D8A422CFD48C800A1E02B /* leleIOS */ = {
			isa = PBXGroup;
			children = (
				37E57C1A2D0ABF7F00C9B5EF /* asset sourse */,
				377F99982D08125000BE818A /* Info.plist */,
				374A5EAF2CFEF7E900A36375 /* refence swiftUI */,
				375D8A542CFD4A6100A1E02B /* APPConfig */,
				375D8A522CFD4A6100A1E02B /* Extension */,
				37E57C632D0BCCE000C9B5EF /* Object */,
				375D8A602CFD4A6100A1E02B /* APISevice */,
				375D8A632CFD4A6100A1E02B /* Model */,
				37C7F76D2CFD907700F32A5C /* swiftUI */,
				375D8A492CFD48C900A1E02B /* Preview Content */,
			);
			path = leleIOS;
			sourceTree = "<group>";
		};
		375D8A492CFD48C900A1E02B /* Preview Content */ = {
			isa = PBXGroup;
			children = (
				375D8A4A2CFD48C900A1E02B /* Preview Assets.xcassets */,
			);
			path = "Preview Content";
			sourceTree = "<group>";
		};
		375D8A522CFD4A6100A1E02B /* Extension */ = {
			isa = PBXGroup;
			children = (
				375D8A512CFD4A6100A1E02B /* Date+.swift */,
				374A5EBC2CFEFA5A00A36375 /* UIColor+.swift */,
				374A5EBE2CFEFA8900A36375 /* String+.swift */,
				374A5EDE2D02A3A400A36375 /* Navigation+.swift */,
				374A5EE02D02F70F00A36375 /* View+.swift */,
				37E57C682D1006DB00C9B5EF /* Publisher+.swift */,
				37C0910B2D1953BF00E5A7CE /* Array+.swift */,
				37C0911C2D1D279D00E5A7CE /* UIImage+.swift */,
			);
			path = Extension;
			sourceTree = "<group>";
		};
		375D8A542CFD4A6100A1E02B /* APPConfig */ = {
			isa = PBXGroup;
			children = (
				375D8A532CFD4A6100A1E02B /* UserDefault.swift */,
				374A5EC02CFEFAB600A36375 /* APPColor.swift */,
				374A5EE22D067C7D00A36375 /* AppText.swift */,
				374A5EC22CFF044600A36375 /* BaseButtonStyle.swift */,
			);
			path = APPConfig;
			sourceTree = "<group>";
		};
		375D8A592CFD4A6100A1E02B /* Moya */ = {
			isa = PBXGroup;
			children = (
				375D8A552CFD4A6100A1E02B /* ApiProtocol.swift */,
				375D8A562CFD4A6100A1E02B /* APIService.swift */,
				375D8A572CFD4A6100A1E02B /* ApiService+.swift */,
				37E57C6A2D1019F100C9B5EF /* APIService+Async.swift */,
				375D8A582CFD4A6100A1E02B /* MyPlugin.swift */,
			);
			path = Moya;
			sourceTree = "<group>";
		};
		375D8A602CFD4A6100A1E02B /* APISevice */ = {
			isa = PBXGroup;
			children = (
				375D8A592CFD4A6100A1E02B /* Moya */,
				375D8A5A2CFD4A6100A1E02B /* FeatureApi.swift */,
				375D8A5B2CFD4A6100A1E02B /* HomeApi.swift */,
				375D8A5C2CFD4A6100A1E02B /* LaunchApi.swift */,
				375D8A5D2CFD4A6100A1E02B /* NotifyApi.swift */,
				37C091052D190AFA00E5A7CE /* CommunityManagerApi.swift */,
				375D8A5E2CFD4A6100A1E02B /* PublicFacilitiesApi.swift */,
				375D8A5F2CFD4A6100A1E02B /* UserApi.swift */,
			);
			path = APISevice;
			sourceTree = "<group>";
		};
		375D8A632CFD4A6100A1E02B /* Model */ = {
			isa = PBXGroup;
			children = (
				375D8A612CFD4A6100A1E02B /* BaseAPIModel.swift */,
				375D8A622CFD4A6100A1E02B /* FeatureModel.swift */,
				37C091072D19146400E5A7CE /* ManagerModel.swift */,
			);
			path = Model;
			sourceTree = "<group>";
		};
		375D8A7D2CFD4BA900A1E02B /* Frameworks */ = {
			isa = PBXGroup;
			children = (
				59D5F575136CEC3C6D599C30 /* Pods_leleIOS.framework */,
			);
			name = Frameworks;
			sourceTree = "<group>";
		};
		375DC55D2D2D1B6300980984 /* QRcodeView */ = {
			isa = PBXGroup;
			children = (
				375DC55E2D2D1B7D00980984 /* QRCodeView.swift */,
				375DC5602D2D1CE400980984 /* QRCodeScanViewModel.swift */,
			);
			path = QRcodeView;
			sourceTree = "<group>";
		};
		377F99992D081D6400BE818A /* Security Control */ = {
			isa = PBXGroup;
			children = (
				377F999A2D081D9000BE818A /* SecurityControlView.swift */,
				377F999E2D081F4100BE818A /* SecurityControlViewModel.swift */,
				377F999C2D081DE400BE818A /* SecurityControlCell.swift */,
			);
			path = "Security Control";
			sourceTree = "<group>";
		};
		377F99A02D081F5000BE818A /* PostalService */ = {
			isa = PBXGroup;
			children = (
				375DC55D2D2D1B6300980984 /* QRcodeView */,
				37C091102D1D061A00E5A7CE /* 快速登記 */,
				37C091002D155A7A00E5A7CE /* 登記 */,
				374A5ED82D018F0500A36375 /* PostalServiceView.swift */,
				374A5EDA2D01994F00A36375 /* PostalServicViewModel.swift */,
				374A5EDC2D019A9B00A36375 /* PostalServiceCell.swift */,
				374A5EE42D06D22F00A36375 /* PostalServiceCellViewModel.swift */,
			);
			path = PostalService;
			sourceTree = "<group>";
		};
		377F99A12D08264A00BE818A /* Bulletin */ = {
			isa = PBXGroup;
			children = (
				377F99A22D08266800BE818A /* BulletinView.swift */,
				377F99A62D08269400BE818A /* BulletinViewModel.swift */,
				377F99A42D08268100BE818A /* BulletinCell.swift */,
				377F99A82D0834D400BE818A /* BulletinDetail */,
			);
			path = Bulletin;
			sourceTree = "<group>";
		};
		377F99A82D0834D400BE818A /* BulletinDetail */ = {
			isa = PBXGroup;
			children = (
				377F99A92D0834EE00BE818A /* BulletinDetailView.swift */,
			);
			path = BulletinDetail;
			sourceTree = "<group>";
		};
		37C091002D155A7A00E5A7CE /* 登記 */ = {
			isa = PBXGroup;
			children = (
				37C0910F2D19637E00E5A7CE /* test */,
				37C091012D155AFA00E5A7CE /* PostalServiceEntryView.swift */,
				37C091032D1568A900E5A7CE /* PostalServiceEntryViewModel.swift */,
				37C0910D2D1957DD00E5A7CE /* SheetPickerView.swift */,
			);
			path = "登記";
			sourceTree = "<group>";
		};
		37C0910F2D19637E00E5A7CE /* test */ = {
			isa = PBXGroup;
			children = (
				37C091092D194A8800E5A7CE /* TextPicker.swift */,
			);
			path = test;
			sourceTree = "<group>";
		};
		37C091102D1D061A00E5A7CE /* 快速登記 */ = {
			isa = PBXGroup;
			children = (
				37C091112D1D067800E5A7CE /* FastRegisterPackageView.swift */,
				37C091152D1D097500E5A7CE /* FastRegisterPackageViewModel.swift */,
			);
			path = "快速登記";
			sourceTree = "<group>";
		};
		37C7F76D2CFD907700F32A5C /* swiftUI */ = {
			isa = PBXGroup;
			children = (
				37C7F77D2CFDB9BB00F32A5C /* CommonView */,
				37C7F78A2CFED99500F32A5C /* LoginFlow */,
				37C7F76F2CFD90BB00F32A5C /* Window */,
				37C7F7762CFD91F300F32A5C /* HomeView */,
				374A5ED12D0135C800A36375 /* IntercomView */,
				377F99A02D081F5000BE818A /* PostalService */,
				37C7F7732CFD917100F32A5C /* NotificationView */,
				37C7F7702CFD90F700F32A5C /* ProfileView */,
			);
			path = swiftUI;
			sourceTree = "<group>";
		};
		37C7F76F2CFD90BB00F32A5C /* Window */ = {
			isa = PBXGroup;
			children = (
				375D8A432CFD48C800A1E02B /* leleIOSApp.swift */,
				375D8A452CFD48C800A1E02B /* ContentView.swift */,
				37C7F76B2CFD905200F32A5C /* MainTabView.swift */,
				374A5EC82D0032E900A36375 /* MainTabViewModel.swift */,
				377F99962D08101500BE818A /* LaunchScreenView.swift */,
			);
			path = Window;
			sourceTree = "<group>";
		};
		37C7F7702CFD90F700F32A5C /* ProfileView */ = {
			isa = PBXGroup;
			children = (
				37E57C7E2D12B3C100C9B5EF /* LoginRecordList */,
				37C7F7712CFD912400F32A5C /* ProfileView.swift */,
				374A5ECC2D00527F00A36375 /* UserInfoCardView.swift */,
				374A5ECE2D0054A400A36375 /* CommunityInfoCardView.swift */,
				374A5ECA2D00489C00A36375 /* ProfileOptionView.swift */,
				374A5EC62D00070700A36375 /* ProfileViewModel.swift */,
			);
			path = ProfileView;
			sourceTree = "<group>";
		};
		37C7F7732CFD917100F32A5C /* NotificationView */ = {
			isa = PBXGroup;
			children = (
				37C7F7742CFD917B00F32A5C /* NotificationView.swift */,
				37C7F77B2CFD9A9900F32A5C /* NotificationViewModel.swift */,
				37C7F7802CFDBA5200F32A5C /* NotificationCell.swift */,
				375DC5622D2E154900980984 /* NotificationDetailView.swift */,
			);
			path = NotificationView;
			sourceTree = "<group>";
		};
		37C7F7762CFD91F300F32A5C /* HomeView */ = {
			isa = PBXGroup;
			children = (
				37C7F7772CFD91FC00F32A5C /* HomeView.swift */,
				37E57C0E2D0934A800C9B5EF /* HomeView+.swift */,
				37E57C9E2D13B67500C9B5EF /* ChatView */,
				37E57C6C2D1129C500C9B5EF /* Facility */,
				37E57C8E2D12CACF00C9B5EF /* Vote */,
				37E57C8D2D12C97E00C9B5EF /* FeedBack */,
				37E57C882D12C2D700C9B5EF /* ManageFee */,
				37E57C832D12B87E00C9B5EF /* Gas */,
				37E57C102D095DA000C9B5EF /* Guest */,
				37E57C072D083FA600C9B5EF /* Rule */,
				377F99A12D08264A00BE818A /* Bulletin */,
				377F99992D081D6400BE818A /* Security Control */,
			);
			path = HomeView;
			sourceTree = "<group>";
		};
		37C7F77D2CFDB9BB00F32A5C /* CommonView */ = {
			isa = PBXGroup;
			children = (
				37C7F77E2CFDB9F700F32A5C /* SegmentedTabView.swift */,
				375DC54E2D267A9A00980984 /* PageTabView.swift */,
				37E57C052D083A6800C9B5EF /* SwiftUITextView.swift */,
				37E57C662D0C144F00C9B5EF /* LoadMoreView.swift */,
				37C091132D1D070E00E5A7CE /* CameraView.swift */,
				37C091292D1EB08100E5A7CE /* LoadingOverlay.swift */,
				375DC5642D2FCF7B00980984 /* FileWebView.swift */,
			);
			path = CommonView;
			sourceTree = "<group>";
		};
		37C7F7852CFED19F00F32A5C /* Login */ = {
			isa = PBXGroup;
			children = (
				37C7F7862CFED1B700F32A5C /* LoginView.swift */,
				37C7F7882CFED2FF00F32A5C /* LoginViewModel.swift */,
			);
			path = Login;
			sourceTree = "<group>";
		};
		37C7F78A2CFED99500F32A5C /* LoginFlow */ = {
			isa = PBXGroup;
			children = (
				374A5EAB2CFEEC0800A36375 /* Register */,
				37C7F78C2CFED9C200F32A5C /* ForgotPassword */,
				37C7F7852CFED19F00F32A5C /* Login */,
			);
			path = LoginFlow;
			sourceTree = "<group>";
		};
		37C7F78C2CFED9C200F32A5C /* ForgotPassword */ = {
			isa = PBXGroup;
			children = (
				37C7F78D2CFED9D400F32A5C /* ForgotPasswordView.swift */,
			);
			path = ForgotPassword;
			sourceTree = "<group>";
		};
		37E57C072D083FA600C9B5EF /* Rule */ = {
			isa = PBXGroup;
			children = (
				37E57C082D083FF700C9B5EF /* RuleView.swift */,
				37E57C0C2D08401100C9B5EF /* RuleViewModel.swift */,
			);
			path = Rule;
			sourceTree = "<group>";
		};
		37E57C102D095DA000C9B5EF /* Guest */ = {
			isa = PBXGroup;
			children = (
				37E57C112D095DCA00C9B5EF /* GuestView.swift */,
				37E57C152D09676B00C9B5EF /* GuestViewModel.swift */,
				37E57C132D095F5000C9B5EF /* GuestCell.swift */,
			);
			path = Guest;
			sourceTree = "<group>";
		};
		37E57C1A2D0ABF7F00C9B5EF /* asset sourse */ = {
			isa = PBXGroup;
			children = (
				37E57C462D0AC03A00C9B5EF /* svg */,
				37E57C1D2D0ABFEF00C9B5EF /* 雜圖 */,
				37E57C1B2D0ABFE000C9B5EF /* ring.wav */,
				375D8A472CFD48C900A1E02B /* Assets.xcassets */,
			);
			path = "asset sourse";
			sourceTree = "<group>";
		};
		37E57C1D2D0ABFEF00C9B5EF /* 雜圖 */ = {
			isa = PBXGroup;
			children = (
				37C0911E2D1D471A00E5A7CE /* testPackage.png */,
				37E57C1E2D0ABFFD00C9B5EF /* banner.png */,
				37E57C202D0AC02100C9B5EF /* demoAD.jpg */,
				37E57C212D0AC02100C9B5EF /* gas.png */,
				37E57C222D0AC02100C9B5EF /* login-background.jpg */,
				37E57C232D0AC02100C9B5EF /* Logo.png */,
			);
			path = "雜圖";
			sourceTree = "<group>";
		};
		37E57C312D0AC03A00C9B5EF /* bar_icons */ = {
			isa = PBXGroup;
			children = (
				37E57C282D0AC03A00C9B5EF /* home.svg */,
				37E57C292D0AC03A00C9B5EF /* home_active.svg */,
				37E57C2A2D0AC03A00C9B5EF /* lele_mic.svg */,
				37E57C2B2D0AC03A00C9B5EF /* life.svg */,
				37E57C2C2D0AC03A00C9B5EF /* life_active.svg */,
				37E57C2D2D0AC03A00C9B5EF /* notify.svg */,
				37E57C2E2D0AC03A00C9B5EF /* notify_active.svg */,
				37E57C2F2D0AC03A00C9B5EF /* people.svg */,
				37E57C302D0AC03A00C9B5EF /* people_active.svg */,
			);
			path = bar_icons;
			sourceTree = "<group>";
		};
		37E57C412D0AC03A00C9B5EF /* menu_button_icons */ = {
			isa = PBXGroup;
			children = (
				37E57C322D0AC03A00C9B5EF /* calendar.svg */,
				37E57C332D0AC03A00C9B5EF /* event.svg */,
				37E57C342D0AC03A00C9B5EF /* facility.svg */,
				37E57C352D0AC03A00C9B5EF /* feedback.svg */,
				37E57C362D0AC03A00C9B5EF /* gas.svg */,
				37E57C372D0AC03A00C9B5EF /* guest.svg */,
				37E57C382D0AC03A00C9B5EF /* intercom.svg */,
				37E57C392D0AC03A00C9B5EF /* media.svg */,
				37E57C3A2D0AC03A00C9B5EF /* mgmtfee.svg */,
				37E57C3B2D0AC03A00C9B5EF /* news.svg */,
				37E57C3C2D0AC03A00C9B5EF /* notify.svg */,
				37E57C3D2D0AC03A00C9B5EF /* points.svg */,
				37E57C3E2D0AC03A00C9B5EF /* postal.svg */,
				37E57C3F2D0AC03A00C9B5EF /* rules.svg */,
				37E57C402D0AC03A00C9B5EF /* vote.svg */,
			);
			path = menu_button_icons;
			sourceTree = "<group>";
		};
		37E57C462D0AC03A00C9B5EF /* svg */ = {
			isa = PBXGroup;
			children = (
				37E57C312D0AC03A00C9B5EF /* bar_icons */,
				37E57C412D0AC03A00C9B5EF /* menu_button_icons */,
				37E57C422D0AC03A00C9B5EF /* logo.svg */,
				37E57C432D0AC03A00C9B5EF /* logo_outlined.svg */,
				37E57C442D0AC03A00C9B5EF /* memo-1024.svg */,
				37E57C452D0AC03A00C9B5EF /* menu.svg */,
			);
			path = svg;
			sourceTree = "<group>";
		};
		37E57C632D0BCCE000C9B5EF /* Object */ = {
			isa = PBXGroup;
			children = (
				37E57C642D0BCCEE00C9B5EF /* LoadMoreManager.swift */,
				37C091242D1E917500E5A7CE /* AudioPlayerManager.swift */,
				375DC54C2D2663A700980984 /* easySegmentObject.swift */,
				375DC5502D27E87C00980984 /* testInsturctment.swift */,
				375DC55B2D2D060E00980984 /* DeviceObject.swift */,
			);
			path = Object;
			sourceTree = "<group>";
		};
		37E57C6C2D1129C500C9B5EF /* Facility */ = {
			isa = PBXGroup;
			children = (
				37E57C6D2D1129E900C9B5EF /* FacilityView.swift */,
				37E57C712D112A0000C9B5EF /* FacilityViewModel.swift */,
				37E57C6F2D1129F200C9B5EF /* FacilityCell.swift */,
				37E57C732D11668100C9B5EF /* Detail */,
			);
			path = Facility;
			sourceTree = "<group>";
		};
		37E57C732D11668100C9B5EF /* Detail */ = {
			isa = PBXGroup;
			children = (
				37E57C9B2D12D2D600C9B5EF /* DetailPage */,
				37E57C9A2D12D2C400C9B5EF /* Record */,
				37E57C992D12D2B800C9B5EF /* Reservation */,
				37E57C7C2D116BAD00C9B5EF /* FacilityBookingCell.swift */,
			);
			path = Detail;
			sourceTree = "<group>";
		};
		37E57C7E2D12B3C100C9B5EF /* LoginRecordList */ = {
			isa = PBXGroup;
			children = (
				37E57C7F2D12B3F900C9B5EF /* LoginRecordView.swift */,
				37E57C812D12B47300C9B5EF /* LoginRecordViewModel.swift */,
			);
			path = LoginRecordList;
			sourceTree = "<group>";
		};
		37E57C832D12B87E00C9B5EF /* Gas */ = {
			isa = PBXGroup;
			children = (
				37E57C842D12B89200C9B5EF /* GasView.swift */,
				37E57C862D12B8A400C9B5EF /* GasViewModel.swift */,
			);
			path = Gas;
			sourceTree = "<group>";
		};
		37E57C882D12C2D700C9B5EF /* ManageFee */ = {
			isa = PBXGroup;
			children = (
				37E57C892D12C2EF00C9B5EF /* ManageFeeView.swift */,
				37E57C8B2D12C2FA00C9B5EF /* ManageFeeViewModel.swift */,
			);
			path = ManageFee;
			sourceTree = "<group>";
		};
		37E57C8D2D12C97E00C9B5EF /* FeedBack */ = {
			isa = PBXGroup;
			children = (
				37E57C912D12CAEE00C9B5EF /* FeedBackView.swift */,
				37E57C932D12CAF700C9B5EF /* FeedBackViewModel.swift */,
			);
			path = FeedBack;
			sourceTree = "<group>";
		};
		37E57C8E2D12CACF00C9B5EF /* Vote */ = {
			isa = PBXGroup;
			children = (
				37E57C8F2D12CADC00C9B5EF /* VoteView.swift */,
				37E57C952D12CB0100C9B5EF /* VoteViewModel.swift */,
			);
			path = Vote;
			sourceTree = "<group>";
		};
		37E57C992D12D2B800C9B5EF /* Reservation */ = {
			isa = PBXGroup;
			children = (
				37E57C742D11669300C9B5EF /* FacilityReservationView.swift */,
				37E57C782D11672F00C9B5EF /* FacilityReservationViewModel.swift */,
			);
			path = Reservation;
			sourceTree = "<group>";
		};
		37E57C9A2D12D2C400C9B5EF /* Record */ = {
			isa = PBXGroup;
			children = (
				37E57C762D1166A500C9B5EF /* FacilityRecordView.swift */,
				37E57C7A2D11676900C9B5EF /* FacilityRecordViewModel.swift */,
			);
			path = Record;
			sourceTree = "<group>";
		};
		37E57C9B2D12D2D600C9B5EF /* DetailPage */ = {
			isa = PBXGroup;
			children = (
				37E57C972D12D2AF00C9B5EF /* FacilityDetailView.swift */,
				37E57C9C2D12D2F600C9B5EF /* FacilityDetailViewModel.swift */,
			);
			path = DetailPage;
			sourceTree = "<group>";
		};
		37E57C9E2D13B67500C9B5EF /* ChatView */ = {
			isa = PBXGroup;
			children = (
				37E57C9F2D13B68A00C9B5EF /* ChatView.swift */,
				37E57CA12D13B6A100C9B5EF /* ChatViewModel.swift */,
				37C091222D1E8FE600E5A7CE /* ChatCellViewModel.swift */,
				37C091202D1E8C3300E5A7CE /* ChatBubbleCell.swift */,
			);
			path = ChatView;
			sourceTree = "<group>";
		};
		81E1E02BE7B6D796B56403E8 /* Pods */ = {
			isa = PBXGroup;
			children = (
				70BB34326F99139345CBE16E /* Pods-leleIOS.debug.xcconfig */,
				80A033F1573240CAE6B57967 /* Pods-leleIOS.release.xcconfig */,
			);
			path = Pods;
			sourceTree = "<group>";
		};
/* End PBXGroup section */

/* Begin PBXNativeTarget section */
		375D8A3F2CFD48C800A1E02B /* leleIOS */ = {
			isa = PBXNativeTarget;
			buildConfigurationList = 375D8A4E2CFD48C900A1E02B /* Build configuration list for PBXNativeTarget "leleIOS" */;
			buildPhases = (
				DCA6F7CE83009205189889FE /* [CP] Check Pods Manifest.lock */,
				375D8A3C2CFD48C800A1E02B /* Sources */,
				375D8A3D2CFD48C800A1E02B /* Frameworks */,
				375D8A3E2CFD48C800A1E02B /* Resources */,
				D9D6FC76F5AF2FBC61660E0A /* [CP] Embed Pods Frameworks */,
			);
			buildRules = (
			);
			dependencies = (
			);
			name = leleIOS;
			packageProductDependencies = (
				375D8A732CFD4B4400A1E02B /* RxSwift */,
				375D8A762CFD4B5000A1E02B /* SwiftyJSON */,
				375D8A792CFD4B8700A1E02B /* CombineMoya */,
				375D8A7B2CFD4B8700A1E02B /* Moya */,
				375D8A7E2CFD4BA900A1E02B /* RxMoya */,
				37C7F7832CFE9E7600F32A5C /* SegmentedPicker */,
				37E57C182D0970D700C9B5EF /* Kingfisher */,
				37C091272D1EA80100E5A7CE /* ActivityIndicatorView */,
				375DC5562D2BC5ED00980984 /* WebRTC */,
				375DC5592D2D011500980984 /* DeviceKit */,
			);
			productName = leleIOS;
			productReference = 375D8A402CFD48C800A1E02B /* leleIOS.app */;
			productType = "com.apple.product-type.application";
		};
/* End PBXNativeTarget section */

/* Begin PBXProject section */
		375D8A382CFD48C800A1E02B /* Project object */ = {
			isa = PBXProject;
			attributes = {
				BuildIndependentTargetsInParallel = 1;
				LastSwiftUpdateCheck = 1540;
				LastUpgradeCheck = 1540;
				TargetAttributes = {
					375D8A3F2CFD48C800A1E02B = {
						CreatedOnToolsVersion = 15.4;
					};
				};
			};
			buildConfigurationList = 375D8A3B2CFD48C800A1E02B /* Build configuration list for PBXProject "leleIOS" */;
			compatibilityVersion = "Xcode 14.0";
			developmentRegion = en;
			hasScannedForEncodings = 0;
			knownRegions = (
				en,
				Base,
			);
			mainGroup = 375D8A372CFD48C800A1E02B;
			packageReferences = (
				375D8A722CFD4B4400A1E02B /* XCRemoteSwiftPackageReference "RxSwift" */,
				375D8A752CFD4B5000A1E02B /* XCRemoteSwiftPackageReference "SwiftyJSON" */,
				375D8A782CFD4B8700A1E02B /* XCRemoteSwiftPackageReference "Moya" */,
				37C7F7822CFE9E7600F32A5C /* XCRemoteSwiftPackageReference "SwiftySegmentedPicker" */,
				37E57C172D0970D700C9B5EF /* XCRemoteSwiftPackageReference "Kingfisher" */,
				37C091262D1EA80100E5A7CE /* XCRemoteSwiftPackageReference "ActivityIndicatorView" */,
				375DC5552D2BC5ED00980984 /* XCRemoteSwiftPackageReference "Specs" */,
				375DC5582D2D011500980984 /* XCRemoteSwiftPackageReference "DeviceKit" */,
			);
			productRefGroup = 375D8A412CFD48C800A1E02B /* Products */;
			projectDirPath = "";
			projectRoot = "";
			targets = (
				375D8A3F2CFD48C800A1E02B /* leleIOS */,
			);
		};
/* End PBXProject section */

/* Begin PBXResourcesBuildPhase section */
		375D8A3E2CFD48C800A1E02B /* Resources */ = {
			isa = PBXResourcesBuildPhase;
			buildActionMask = 2147483647;
			files = (
				37E57C1C2D0ABFE000C9B5EF /* ring.wav in Resources */,
				375D8A4B2CFD48C900A1E02B /* Preview Assets.xcassets in Resources */,
				37E57C242D0AC02100C9B5EF /* Logo.png in Resources */,
				37E57C252D0AC02100C9B5EF /* gas.png in Resources */,
				37E57C262D0AC02100C9B5EF /* login-background.jpg in Resources */,
				37E57C272D0AC02100C9B5EF /* demoAD.jpg in Resources */,
				37E57C472D0AC03A00C9B5EF /* menu.svg in Resources */,
				37E57C482D0AC03A00C9B5EF /* home.svg in Resources */,
				37E57C492D0AC03A00C9B5EF /* notify.svg in Resources */,
				37E57C4A2D0AC03A00C9B5EF /* media.svg in Resources */,
				37E57C4B2D0AC03A00C9B5EF /* event.svg in Resources */,
				37E57C4C2D0AC03A00C9B5EF /* calendar.svg in Resources */,
				37E57C4D2D0AC03A00C9B5EF /* guest.svg in Resources */,
				37E57C4E2D0AC03A00C9B5EF /* people.svg in Resources */,
				37C0911F2D1D471A00E5A7CE /* testPackage.png in Resources */,
				37E57C4F2D0AC03A00C9B5EF /* news.svg in Resources */,
				37E57C502D0AC03A00C9B5EF /* life_active.svg in Resources */,
				37E57C512D0AC03A00C9B5EF /* logo.svg in Resources */,
				37E57C522D0AC03A00C9B5EF /* mgmtfee.svg in Resources */,
				37E57C532D0AC03A00C9B5EF /* home_active.svg in Resources */,
				37E57C542D0AC03A00C9B5EF /* rules.svg in Resources */,
				37E57C552D0AC03A00C9B5EF /* feedback.svg in Resources */,
				37E57C572D0AC03A00C9B5EF /* people_active.svg in Resources */,
				37E57C582D0AC03A00C9B5EF /* memo-1024.svg in Resources */,
				37E57C592D0AC03A00C9B5EF /* life.svg in Resources */,
				37E57C5A2D0AC03A00C9B5EF /* gas.svg in Resources */,
				37E57C5B2D0AC03A00C9B5EF /* postal.svg in Resources */,
				37E57C5C2D0AC03A00C9B5EF /* vote.svg in Resources */,
				37E57C5D2D0AC03A00C9B5EF /* logo_outlined.svg in Resources */,
				37E57C5E2D0AC03A00C9B5EF /* facility.svg in Resources */,
				37E57C5F2D0AC03A00C9B5EF /* points.svg in Resources */,
				37E57C602D0AC03A00C9B5EF /* notify_active.svg in Resources */,
				37E57C612D0AC03A00C9B5EF /* intercom.svg in Resources */,
				37E57C622D0AC03A00C9B5EF /* lele_mic.svg in Resources */,
				375D8A482CFD48C900A1E02B /* Assets.xcassets in Resources */,
				37E57C1F2D0ABFFD00C9B5EF /* banner.png in Resources */,
			);
			runOnlyForDeploymentPostprocessing = 0;
		};
/* End PBXResourcesBuildPhase section */

/* Begin PBXShellScriptBuildPhase section */
		D9D6FC76F5AF2FBC61660E0A /* [CP] Embed Pods Frameworks */ = {
			isa = PBXShellScriptBuildPhase;
			buildActionMask = 2147483647;
			files = (
			);
			inputFileListPaths = (
				"${PODS_ROOT}/Target Support Files/Pods-leleIOS/Pods-leleIOS-frameworks-${CONFIGURATION}-input-files.xcfilelist",
			);
			name = "[CP] Embed Pods Frameworks";
			outputFileListPaths = (
				"${PODS_ROOT}/Target Support Files/Pods-leleIOS/Pods-leleIOS-frameworks-${CONFIGURATION}-output-files.xcfilelist",
			);
			runOnlyForDeploymentPostprocessing = 0;
			shellPath = /bin/sh;
			shellScript = "\"${PODS_ROOT}/Target Support Files/Pods-leleIOS/Pods-leleIOS-frameworks.sh\"\n";
			showEnvVarsInLog = 0;
		};
		DCA6F7CE83009205189889FE /* [CP] Check Pods Manifest.lock */ = {
			isa = PBXShellScriptBuildPhase;
			buildActionMask = 2147483647;
			files = (
			);
			inputFileListPaths = (
			);
			inputPaths = (
				"${PODS_PODFILE_DIR_PATH}/Podfile.lock",
				"${PODS_ROOT}/Manifest.lock",
			);
			name = "[CP] Check Pods Manifest.lock";
			outputFileListPaths = (
			);
			outputPaths = (
				"$(DERIVED_FILE_DIR)/Pods-leleIOS-checkManifestLockResult.txt",
			);
			runOnlyForDeploymentPostprocessing = 0;
			shellPath = /bin/sh;
			shellScript = "diff \"${PODS_PODFILE_DIR_PATH}/Podfile.lock\" \"${PODS_ROOT}/Manifest.lock\" > /dev/null\nif [ $? != 0 ] ; then\n    # print error to STDERR\n    echo \"error: The sandbox is not in sync with the Podfile.lock. Run 'pod install' or update your CocoaPods installation.\" >&2\n    exit 1\nfi\n# This output is used by Xcode 'outputs' to avoid re-running this script phase.\necho \"SUCCESS\" > \"${SCRIPT_OUTPUT_FILE_0}\"\n";
			showEnvVarsInLog = 0;
		};
/* End PBXShellScriptBuildPhase section */

/* Begin PBXSourcesBuildPhase section */
		375D8A3C2CFD48C800A1E02B /* Sources */ = {
			isa = PBXSourcesBuildPhase;
			buildActionMask = 2147483647;
			files = (
				37E57C692D1006DB00C9B5EF /* Publisher+.swift in Sources */,
				375D8A6E2CFD4A6100A1E02B /* PublicFacilitiesApi.swift in Sources */,
				374A5ECD2D00527F00A36375 /* UserInfoCardView.swift in Sources */,
				37E57C142D095F5000C9B5EF /* GuestCell.swift in Sources */,
				375DC55C2D2D060E00980984 /* DeviceObject.swift in Sources */,
				37E57C962D12CB0100C9B5EF /* VoteViewModel.swift in Sources */,
				37C7F77F2CFDB9F700F32A5C /* SegmentedTabView.swift in Sources */,
				37E57C702D1129F200C9B5EF /* FacilityCell.swift in Sources */,
				37C7F7812CFDBA5200F32A5C /* NotificationCell.swift in Sources */,
				377F99A52D08268100BE818A /* BulletinCell.swift in Sources */,
				375D8A652CFD4A6100A1E02B /* UserDefault.swift in Sources */,
				375D8A6D2CFD4A6100A1E02B /* NotifyApi.swift in Sources */,
				377F999F2D081F4100BE818A /* SecurityControlViewModel.swift in Sources */,
				37E57C792D11672F00C9B5EF /* FacilityReservationViewModel.swift in Sources */,
				37E57C062D083A6800C9B5EF /* SwiftUITextView.swift in Sources */,
				37C091062D190AFA00E5A7CE /* CommunityManagerApi.swift in Sources */,
				375D8A642CFD4A6100A1E02B /* Date+.swift in Sources */,
				374A5EDF2D02A3A400A36375 /* Navigation+.swift in Sources */,
				375DC55F2D2D1B7D00980984 /* QRCodeView.swift in Sources */,
				37C7F7872CFED1B700F32A5C /* LoginView.swift in Sources */,
				375D8A662CFD4A6100A1E02B /* ApiProtocol.swift in Sources */,
				374A5EC32CFF044600A36375 /* BaseButtonStyle.swift in Sources */,
				377F99A32D08266800BE818A /* BulletinView.swift in Sources */,
				377F99A72D08269400BE818A /* BulletinViewModel.swift in Sources */,
				377F99972D08101500BE818A /* LaunchScreenView.swift in Sources */,
				37C7F78E2CFED9D400F32A5C /* ForgotPasswordView.swift in Sources */,
				37E57C0D2D08401100C9B5EF /* RuleViewModel.swift in Sources */,
				375D8A6F2CFD4A6100A1E02B /* UserApi.swift in Sources */,
				375D8A682CFD4A6100A1E02B /* ApiService+.swift in Sources */,
				375D8A702CFD4A6100A1E02B /* BaseAPIModel.swift in Sources */,
				374A5EAD2CFEEC1100A36375 /* Register.swift in Sources */,
				37E57C772D1166A500C9B5EF /* FacilityRecordView.swift in Sources */,
				37E57C852D12B89200C9B5EF /* GasView.swift in Sources */,
				37E57C7D2D116BAD00C9B5EF /* FacilityBookingCell.swift in Sources */,
				375D8A462CFD48C800A1E02B /* ContentView.swift in Sources */,
				37E57C722D112A0000C9B5EF /* FacilityViewModel.swift in Sources */,
				374A5EBF2CFEFA8900A36375 /* String+.swift in Sources */,
				374A5EE52D06D22F00A36375 /* PostalServiceCellViewModel.swift in Sources */,
				37E57C8A2D12C2EF00C9B5EF /* ManageFeeView.swift in Sources */,
				37E57C982D12D2AF00C9B5EF /* FacilityDetailView.swift in Sources */,
				37C0910E2D1957DD00E5A7CE /* SheetPickerView.swift in Sources */,
				37C091162D1D097500E5A7CE /* FastRegisterPackageViewModel.swift in Sources */,
				37E57CA22D13B6A100C9B5EF /* ChatViewModel.swift in Sources */,
				37E57C942D12CAF700C9B5EF /* FeedBackViewModel.swift in Sources */,
				375D8A6B2CFD4A6100A1E02B /* HomeApi.swift in Sources */,
				374A5ECF2D0054A400A36375 /* CommunityInfoCardView.swift in Sources */,
				37E57C802D12B3F900C9B5EF /* LoginRecordView.swift in Sources */,
				374A5ED72D0138F600A36375 /* IntercomViewModel.swift in Sources */,
				37C7F7892CFED2FF00F32A5C /* LoginViewModel.swift in Sources */,
				37C7F7722CFD912400F32A5C /* ProfileView.swift in Sources */,
				374A5EDD2D019A9B00A36375 /* PostalServiceCell.swift in Sources */,
				375D8A712CFD4A6100A1E02B /* FeatureModel.swift in Sources */,
				375DC5512D27E87C00980984 /* testInsturctment.swift in Sources */,
				375DC5612D2D1CE400980984 /* QRCodeScanViewModel.swift in Sources */,
				37E57C752D11669300C9B5EF /* FacilityReservationView.swift in Sources */,
				375DC54F2D267A9A00980984 /* PageTabView.swift in Sources */,
				374A5EC72D00070700A36375 /* ProfileViewModel.swift in Sources */,
				37C091042D1568A900E5A7CE /* PostalServiceEntryViewModel.swift in Sources */,
				37E57CA02D13B68A00C9B5EF /* ChatView.swift in Sources */,
				37C7F76C2CFD905200F32A5C /* MainTabView.swift in Sources */,
				37E57C092D083FF700C9B5EF /* RuleView.swift in Sources */,
				37E57C122D095DCA00C9B5EF /* GuestView.swift in Sources */,
				374A5ED92D018F0500A36375 /* PostalServiceView.swift in Sources */,
				374A5EE12D02F70F00A36375 /* View+.swift in Sources */,
				377F999D2D081DE400BE818A /* SecurityControlCell.swift in Sources */,
				374A5EB72CFEF90E00A36375 /* NewPasswordViewModel.swift in Sources */,
				37C0911D2D1D279D00E5A7CE /* UIImage+.swift in Sources */,
				37E57C672D0C144F00C9B5EF /* LoadMoreView.swift in Sources */,
				374A5ECB2D00489C00A36375 /* ProfileOptionView.swift in Sources */,
				374A5EB82CFEF90E00A36375 /* NewPasswordView.swift in Sources */,
				37C091142D1D070E00E5A7CE /* CameraView.swift in Sources */,
				37C091022D155AFA00E5A7CE /* PostalServiceEntryView.swift in Sources */,
				374A5EC52CFF0A3D00A36375 /* BaseButtonContent.swift in Sources */,
				374A5EB92CFEF90E00A36375 /* JimTextFieldStyle.swift in Sources */,
				374A5EBA2CFEF90E00A36375 /* ButtonTextStyle.swift in Sources */,
				37E57C902D12CADC00C9B5EF /* VoteView.swift in Sources */,
				37C0910C2D1953BF00E5A7CE /* Array+.swift in Sources */,
				37E57C7B2D11676900C9B5EF /* FacilityRecordViewModel.swift in Sources */,
				37E57C822D12B47300C9B5EF /* LoginRecordViewModel.swift in Sources */,
				37E57C8C2D12C2FA00C9B5EF /* ManageFeeViewModel.swift in Sources */,
				374A5EE32D067C7D00A36375 /* AppText.swift in Sources */,
				374A5ED52D0138DA00A36375 /* IntercomCell.swift in Sources */,
				37C0910A2D194A8800E5A7CE /* TextPicker.swift in Sources */,
				37C091232D1E8FE600E5A7CE /* ChatCellViewModel.swift in Sources */,
				375DC54D2D2663A700980984 /* easySegmentObject.swift in Sources */,
				374A5EBB2CFEF90E00A36375 /* BaseTextStyle.swift in Sources */,
				377F999B2D081D9000BE818A /* SecurityControlView.swift in Sources */,
				37E57C6E2D1129E900C9B5EF /* FacilityView.swift in Sources */,
				37C7F7782CFD91FC00F32A5C /* HomeView.swift in Sources */,
				375D8A672CFD4A6100A1E02B /* APIService.swift in Sources */,
				377F99AA2D0834EE00BE818A /* BulletinDetailView.swift in Sources */,
				375DC5632D2E154900980984 /* NotificationDetailView.swift in Sources */,
				37C091252D1E917500E5A7CE /* AudioPlayerManager.swift in Sources */,
				37E57C652D0BCCEE00C9B5EF /* LoadMoreManager.swift in Sources */,
				374A5EBD2CFEFA5A00A36375 /* UIColor+.swift in Sources */,
				375D8A6C2CFD4A6100A1E02B /* LaunchApi.swift in Sources */,
				37E57C162D09676B00C9B5EF /* GuestViewModel.swift in Sources */,
				375DC5652D2FCF7B00980984 /* FileWebView.swift in Sources */,
				375D8A692CFD4A6100A1E02B /* MyPlugin.swift in Sources */,
				37C091082D19146400E5A7CE /* ManagerModel.swift in Sources */,
				37E57C872D12B8A400C9B5EF /* GasViewModel.swift in Sources */,
				37C091212D1E8C3300E5A7CE /* ChatBubbleCell.swift in Sources */,
				37C7F77C2CFD9A9900F32A5C /* NotificationViewModel.swift in Sources */,
				37E57C922D12CAEE00C9B5EF /* FeedBackView.swift in Sources */,
				37E57C6B2D1019F100C9B5EF /* APIService+Async.swift in Sources */,
				374A5ED32D01361100A36375 /* IntercomView.swift in Sources */,
				37C091122D1D067800E5A7CE /* FastRegisterPackageView.swift in Sources */,
				37E57C0F2D0934A800C9B5EF /* HomeView+.swift in Sources */,
				375D8A6A2CFD4A6100A1E02B /* FeatureApi.swift in Sources */,
				37E57C9D2D12D2F600C9B5EF /* FacilityDetailViewModel.swift in Sources */,
				374A5EC92D0032E900A36375 /* MainTabViewModel.swift in Sources */,
				374A5EC12CFEFAB600A36375 /* APPColor.swift in Sources */,
				374A5EDB2D01994F00A36375 /* PostalServicViewModel.swift in Sources */,
				37C7F7752CFD917B00F32A5C /* NotificationView.swift in Sources */,
				375D8A442CFD48C800A1E02B /* leleIOSApp.swift in Sources */,
				37C0912A2D1EB08100E5A7CE /* LoadingOverlay.swift in Sources */,
			);
			runOnlyForDeploymentPostprocessing = 0;
		};
/* End PBXSourcesBuildPhase section */

/* Begin XCBuildConfiguration section */
		375D8A4C2CFD48C900A1E02B /* Debug */ = {
			isa = XCBuildConfiguration;
			buildSettings = {
				ALWAYS_SEARCH_USER_PATHS = NO;
				ASSETCATALOG_COMPILER_GENERATE_SWIFT_ASSET_SYMBOL_EXTENSIONS = YES;
				CLANG_ANALYZER_NONNULL = YES;
				CLANG_ANALYZER_NUMBER_OBJECT_CONVERSION = YES_AGGRESSIVE;
				CLANG_CXX_LANGUAGE_STANDARD = "gnu++20";
				CLANG_ENABLE_MODULES = YES;
				CLANG_ENABLE_OBJC_ARC = YES;
				CLANG_ENABLE_OBJC_WEAK = YES;
				CLANG_WARN_BLOCK_CAPTURE_AUTORELEASING = YES;
				CLANG_WARN_BOOL_CONVERSION = YES;
				CLANG_WARN_COMMA = YES;
				CLANG_WARN_CONSTANT_CONVERSION = YES;
				CLANG_WARN_DEPRECATED_OBJC_IMPLEMENTATIONS = YES;
				CLANG_WARN_DIRECT_OBJC_ISA_USAGE = YES_ERROR;
				CLANG_WARN_DOCUMENTATION_COMMENTS = YES;
				CLANG_WARN_EMPTY_BODY = YES;
				CLANG_WARN_ENUM_CONVERSION = YES;
				CLANG_WARN_INFINITE_RECURSION = YES;
				CLANG_WARN_INT_CONVERSION = YES;
				CLANG_WARN_NON_LITERAL_NULL_CONVERSION = YES;
				CLANG_WARN_OBJC_IMPLICIT_RETAIN_SELF = YES;
				CLANG_WARN_OBJC_LITERAL_CONVERSION = YES;
				CLANG_WARN_OBJC_ROOT_CLASS = YES_ERROR;
				CLANG_WARN_QUOTED_INCLUDE_IN_FRAMEWORK_HEADER = YES;
				CLANG_WARN_RANGE_LOOP_ANALYSIS = YES;
				CLANG_WARN_STRICT_PROTOTYPES = YES;
				CLANG_WARN_SUSPICIOUS_MOVE = YES;
				CLANG_WARN_UNGUARDED_AVAILABILITY = YES_AGGRESSIVE;
				CLANG_WARN_UNREACHABLE_CODE = YES;
				CLANG_WARN__DUPLICATE_METHOD_MATCH = YES;
				COPY_PHASE_STRIP = NO;
				DEBUG_INFORMATION_FORMAT = dwarf;
				ENABLE_STRICT_OBJC_MSGSEND = YES;
				ENABLE_TESTABILITY = YES;
				ENABLE_USER_SCRIPT_SANDBOXING = YES;
				GCC_C_LANGUAGE_STANDARD = gnu17;
				GCC_DYNAMIC_NO_PIC = NO;
				GCC_NO_COMMON_BLOCKS = YES;
				GCC_OPTIMIZATION_LEVEL = 0;
				GCC_PREPROCESSOR_DEFINITIONS = (
					"DEBUG=1",
					"$(inherited)",
				);
				GCC_WARN_64_TO_32_BIT_CONVERSION = YES;
				GCC_WARN_ABOUT_RETURN_TYPE = YES_ERROR;
				GCC_WARN_UNDECLARED_SELECTOR = YES;
				GCC_WARN_UNINITIALIZED_AUTOS = YES_AGGRESSIVE;
				GCC_WARN_UNUSED_FUNCTION = YES;
				GCC_WARN_UNUSED_VARIABLE = YES;
				IPHONEOS_DEPLOYMENT_TARGET = 17.5;
				LOCALIZATION_PREFERS_STRING_CATALOGS = YES;
				MTL_ENABLE_DEBUG_INFO = INCLUDE_SOURCE;
				MTL_FAST_MATH = YES;
				ONLY_ACTIVE_ARCH = YES;
				SDKROOT = iphoneos;
				SWIFT_ACTIVE_COMPILATION_CONDITIONS = "DEBUG $(inherited)";
				SWIFT_OPTIMIZATION_LEVEL = "-Onone";
			};
			name = Debug;
		};
		375D8A4D2CFD48C900A1E02B /* Release */ = {
			isa = XCBuildConfiguration;
			buildSettings = {
				ALWAYS_SEARCH_USER_PATHS = NO;
				ASSETCATALOG_COMPILER_GENERATE_SWIFT_ASSET_SYMBOL_EXTENSIONS = YES;
				CLANG_ANALYZER_NONNULL = YES;
				CLANG_ANALYZER_NUMBER_OBJECT_CONVERSION = YES_AGGRESSIVE;
				CLANG_CXX_LANGUAGE_STANDARD = "gnu++20";
				CLANG_ENABLE_MODULES = YES;
				CLANG_ENABLE_OBJC_ARC = YES;
				CLANG_ENABLE_OBJC_WEAK = YES;
				CLANG_WARN_BLOCK_CAPTURE_AUTORELEASING = YES;
				CLANG_WARN_BOOL_CONVERSION = YES;
				CLANG_WARN_COMMA = YES;
				CLANG_WARN_CONSTANT_CONVERSION = YES;
				CLANG_WARN_DEPRECATED_OBJC_IMPLEMENTATIONS = YES;
				CLANG_WARN_DIRECT_OBJC_ISA_USAGE = YES_ERROR;
				CLANG_WARN_DOCUMENTATION_COMMENTS = YES;
				CLANG_WARN_EMPTY_BODY = YES;
				CLANG_WARN_ENUM_CONVERSION = YES;
				CLANG_WARN_INFINITE_RECURSION = YES;
				CLANG_WARN_INT_CONVERSION = YES;
				CLANG_WARN_NON_LITERAL_NULL_CONVERSION = YES;
				CLANG_WARN_OBJC_IMPLICIT_RETAIN_SELF = YES;
				CLANG_WARN_OBJC_LITERAL_CONVERSION = YES;
				CLANG_WARN_OBJC_ROOT_CLASS = YES_ERROR;
				CLANG_WARN_QUOTED_INCLUDE_IN_FRAMEWORK_HEADER = YES;
				CLANG_WARN_RANGE_LOOP_ANALYSIS = YES;
				CLANG_WARN_STRICT_PROTOTYPES = YES;
				CLANG_WARN_SUSPICIOUS_MOVE = YES;
				CLANG_WARN_UNGUARDED_AVAILABILITY = YES_AGGRESSIVE;
				CLANG_WARN_UNREACHABLE_CODE = YES;
				CLANG_WARN__DUPLICATE_METHOD_MATCH = YES;
				COPY_PHASE_STRIP = NO;
				DEBUG_INFORMATION_FORMAT = "dwarf-with-dsym";
				ENABLE_NS_ASSERTIONS = NO;
				ENABLE_STRICT_OBJC_MSGSEND = YES;
				ENABLE_USER_SCRIPT_SANDBOXING = YES;
				GCC_C_LANGUAGE_STANDARD = gnu17;
				GCC_NO_COMMON_BLOCKS = YES;
				GCC_WARN_64_TO_32_BIT_CONVERSION = YES;
				GCC_WARN_ABOUT_RETURN_TYPE = YES_ERROR;
				GCC_WARN_UNDECLARED_SELECTOR = YES;
				GCC_WARN_UNINITIALIZED_AUTOS = YES_AGGRESSIVE;
				GCC_WARN_UNUSED_FUNCTION = YES;
				GCC_WARN_UNUSED_VARIABLE = YES;
				IPHONEOS_DEPLOYMENT_TARGET = 17.5;
				LOCALIZATION_PREFERS_STRING_CATALOGS = YES;
				MTL_ENABLE_DEBUG_INFO = NO;
				MTL_FAST_MATH = YES;
				SDKROOT = iphoneos;
				SWIFT_COMPILATION_MODE = wholemodule;
				VALIDATE_PRODUCT = YES;
			};
			name = Release;
		};
		375D8A4F2CFD48C900A1E02B /* Debug */ = {
			isa = XCBuildConfiguration;
			baseConfigurationReference = 70BB34326F99139345CBE16E /* Pods-leleIOS.debug.xcconfig */;
			buildSettings = {
				ASSETCATALOG_COMPILER_APPICON_NAME = AppIcon;
				ASSETCATALOG_COMPILER_GLOBAL_ACCENT_COLOR_NAME = AccentColor;
				CODE_SIGN_STYLE = Automatic;
				CURRENT_PROJECT_VERSION = 1;
				DEVELOPMENT_ASSET_PATHS = "\"leleIOS/Preview Content\"";
				DEVELOPMENT_TEAM = 5LFNW732DV;
				ENABLE_APP_SANDBOX = NO;
				ENABLE_PREVIEWS = YES;
				ENABLE_USER_SCRIPT_SANDBOXING = NO;
				GENERATE_INFOPLIST_FILE = YES;
				INFOPLIST_FILE = leleIOS/Info.plist;
				INFOPLIST_KEY_NSCameraUsageDescription = "是否允許此App使用相機，以便上傳圖片";
				INFOPLIST_KEY_UIApplicationSceneManifest_Generation = YES;
				INFOPLIST_KEY_UIApplicationSupportsIndirectInputEvents = YES;
				INFOPLIST_KEY_UISupportedInterfaceOrientations_iPhone = "UIInterfaceOrientationPortrait UIInterfaceOrientationLandscapeLeft UIInterfaceOrientationLandscapeRight";
				INFOPLIST_KEY_UIUserInterfaceStyle = Light;
				IPHONEOS_DEPLOYMENT_TARGET = 17.5;
				LD_RUNPATH_SEARCH_PATHS = (
					"$(inherited)",
					"@executable_path/Frameworks",
				);
				MARKETING_VERSION = 1.0;
				PRODUCT_BUNDLE_IDENTIFIER = avance.leleIOS;
				PRODUCT_NAME = "$(TARGET_NAME)";
				SUPPORTED_PLATFORMS = "iphoneos iphonesimulator";
				SUPPORTS_MACCATALYST = NO;
				SUPPORTS_MAC_DESIGNED_FOR_IPHONE_IPAD = NO;
				SUPPORTS_XR_DESIGNED_FOR_IPHONE_IPAD = NO;
				SWIFT_EMIT_LOC_STRINGS = YES;
				SWIFT_VERSION = 5.0;
				TARGETED_DEVICE_FAMILY = 1;
			};
			name = Debug;
		};
		375D8A502CFD48C900A1E02B /* Release */ = {
			isa = XCBuildConfiguration;
			baseConfigurationReference = 80A033F1573240CAE6B57967 /* Pods-leleIOS.release.xcconfig */;
			buildSettings = {
				ASSETCATALOG_COMPILER_APPICON_NAME = AppIcon;
				ASSETCATALOG_COMPILER_GLOBAL_ACCENT_COLOR_NAME = AccentColor;
				CODE_SIGN_STYLE = Automatic;
				CURRENT_PROJECT_VERSION = 1;
				DEVELOPMENT_ASSET_PATHS = "\"leleIOS/Preview Content\"";
				DEVELOPMENT_TEAM = 5LFNW732DV;
				ENABLE_APP_SANDBOX = NO;
				ENABLE_PREVIEWS = YES;
				ENABLE_USER_SCRIPT_SANDBOXING = NO;
				GENERATE_INFOPLIST_FILE = YES;
				INFOPLIST_FILE = leleIOS/Info.plist;
				INFOPLIST_KEY_NSCameraUsageDescription = "是否允許此App使用相機，以便上傳圖片";
				INFOPLIST_KEY_UIApplicationSceneManifest_Generation = YES;
				INFOPLIST_KEY_UIApplicationSupportsIndirectInputEvents = YES;
				INFOPLIST_KEY_UISupportedInterfaceOrientations_iPhone = "UIInterfaceOrientationPortrait UIInterfaceOrientationLandscapeLeft UIInterfaceOrientationLandscapeRight";
				INFOPLIST_KEY_UIUserInterfaceStyle = Light;
				IPHONEOS_DEPLOYMENT_TARGET = 17.5;
				LD_RUNPATH_SEARCH_PATHS = (
					"$(inherited)",
					"@executable_path/Frameworks",
				);
				MARKETING_VERSION = 1.0;
				PRODUCT_BUNDLE_IDENTIFIER = avance.leleIOS;
				PRODUCT_NAME = "$(TARGET_NAME)";
				SUPPORTED_PLATFORMS = "iphoneos iphonesimulator";
				SUPPORTS_MACCATALYST = NO;
				SUPPORTS_MAC_DESIGNED_FOR_IPHONE_IPAD = NO;
				SUPPORTS_XR_DESIGNED_FOR_IPHONE_IPAD = NO;
				SWIFT_EMIT_LOC_STRINGS = YES;
				SWIFT_VERSION = 5.0;
				TARGETED_DEVICE_FAMILY = 1;
			};
			name = Release;
		};
/* End XCBuildConfiguration section */

/* Begin XCConfigurationList section */
		375D8A3B2CFD48C800A1E02B /* Build configuration list for PBXProject "leleIOS" */ = {
			isa = XCConfigurationList;
			buildConfigurations = (
				375D8A4C2CFD48C900A1E02B /* Debug */,
				375D8A4D2CFD48C900A1E02B /* Release */,
			);
			defaultConfigurationIsVisible = 0;
			defaultConfigurationName = Release;
		};
		375D8A4E2CFD48C900A1E02B /* Build configuration list for PBXNativeTarget "leleIOS" */ = {
			isa = XCConfigurationList;
			buildConfigurations = (
				375D8A4F2CFD48C900A1E02B /* Debug */,
				375D8A502CFD48C900A1E02B /* Release */,
			);
			defaultConfigurationIsVisible = 0;
			defaultConfigurationName = Release;
		};
/* End XCConfigurationList section */

/* Begin XCRemoteSwiftPackageReference section */
		375D8A722CFD4B4400A1E02B /* XCRemoteSwiftPackageReference "RxSwift" */ = {
			isa = XCRemoteSwiftPackageReference;
			repositoryURL = "https://github.com/ReactiveX/RxSwift";
			requirement = {
				kind = upToNextMajorVersion;
				minimumVersion = 6.8.0;
			};
		};
		375D8A752CFD4B5000A1E02B /* XCRemoteSwiftPackageReference "SwiftyJSON" */ = {
			isa = XCRemoteSwiftPackageReference;
			repositoryURL = "https://github.com/SwiftyJSON/SwiftyJSON";
			requirement = {
				kind = upToNextMajorVersion;
				minimumVersion = 5.0.2;
			};
		};
		375D8A782CFD4B8700A1E02B /* XCRemoteSwiftPackageReference "Moya" */ = {
			isa = XCRemoteSwiftPackageReference;
			repositoryURL = "https://github.com/Moya/Moya.git";
			requirement = {
				kind = upToNextMajorVersion;
				minimumVersion = 15.0.3;
			};
		};
		375DC5552D2BC5ED00980984 /* XCRemoteSwiftPackageReference "Specs" */ = {
			isa = XCRemoteSwiftPackageReference;
			repositoryURL = "https://github.com/webrtc-sdk/Specs";
			requirement = {
				kind = upToNextMajorVersion;
				minimumVersion = 125.6422.6;
			};
		};
		375DC5582D2D011500980984 /* XCRemoteSwiftPackageReference "DeviceKit" */ = {
			isa = XCRemoteSwiftPackageReference;
			repositoryURL = "https://github.com/devicekit/DeviceKit";
			requirement = {
				kind = upToNextMajorVersion;
				minimumVersion = 5.5.0;
			};
		};
		37C091262D1EA80100E5A7CE /* XCRemoteSwiftPackageReference "ActivityIndicatorView" */ = {
			isa = XCRemoteSwiftPackageReference;
			repositoryURL = "https://github.com/exyte/ActivityIndicatorView.git";
			requirement = {
				kind = upToNextMajorVersion;
				minimumVersion = 1.1.1;
			};
		};
		37C7F7822CFE9E7600F32A5C /* XCRemoteSwiftPackageReference "SwiftySegmentedPicker" */ = {
			isa = XCRemoteSwiftPackageReference;
			repositoryURL = "https://github.com/KazaiMazai/SwiftySegmentedPicker.git";
			requirement = {
				kind = upToNextMajorVersion;
				minimumVersion = 0.0.4;
			};
		};
		37E57C172D0970D700C9B5EF /* XCRemoteSwiftPackageReference "Kingfisher" */ = {
			isa = XCRemoteSwiftPackageReference;
			repositoryURL = "https://github.com/onevcat/Kingfisher";
			requirement = {
				kind = upToNextMajorVersion;
				minimumVersion = 8.1.2;
			};
		};
/* End XCRemoteSwiftPackageReference section */

/* Begin XCSwiftPackageProductDependency section */
		375D8A732CFD4B4400A1E02B /* RxSwift */ = {
			isa = XCSwiftPackageProductDependency;
			package = 375D8A722CFD4B4400A1E02B /* XCRemoteSwiftPackageReference "RxSwift" */;
			productName = RxSwift;
		};
		375D8A762CFD4B5000A1E02B /* SwiftyJSON */ = {
			isa = XCSwiftPackageProductDependency;
			package = 375D8A752CFD4B5000A1E02B /* XCRemoteSwiftPackageReference "SwiftyJSON" */;
			productName = SwiftyJSON;
		};
		375D8A792CFD4B8700A1E02B /* CombineMoya */ = {
			isa = XCSwiftPackageProductDependency;
			package = 375D8A782CFD4B8700A1E02B /* XCRemoteSwiftPackageReference "Moya" */;
			productName = CombineMoya;
		};
		375D8A7B2CFD4B8700A1E02B /* Moya */ = {
			isa = XCSwiftPackageProductDependency;
			package = 375D8A782CFD4B8700A1E02B /* XCRemoteSwiftPackageReference "Moya" */;
			productName = Moya;
		};
		375D8A7E2CFD4BA900A1E02B /* RxMoya */ = {
			isa = XCSwiftPackageProductDependency;
			package = 375D8A782CFD4B8700A1E02B /* XCRemoteSwiftPackageReference "Moya" */;
			productName = RxMoya;
		};
		375DC5562D2BC5ED00980984 /* WebRTC */ = {
			isa = XCSwiftPackageProductDependency;
			package = 375DC5552D2BC5ED00980984 /* XCRemoteSwiftPackageReference "Specs" */;
			productName = WebRTC;
		};
		375DC5592D2D011500980984 /* DeviceKit */ = {
			isa = XCSwiftPackageProductDependency;
			package = 375DC5582D2D011500980984 /* XCRemoteSwiftPackageReference "DeviceKit" */;
			productName = DeviceKit;
		};
		37C091272D1EA80100E5A7CE /* ActivityIndicatorView */ = {
			isa = XCSwiftPackageProductDependency;
			package = 37C091262D1EA80100E5A7CE /* XCRemoteSwiftPackageReference "ActivityIndicatorView" */;
			productName = ActivityIndicatorView;
		};
		37C7F7832CFE9E7600F32A5C /* SegmentedPicker */ = {
			isa = XCSwiftPackageProductDependency;
			package = 37C7F7822CFE9E7600F32A5C /* XCRemoteSwiftPackageReference "SwiftySegmentedPicker" */;
			productName = SegmentedPicker;
		};
		37E57C182D0970D700C9B5EF /* Kingfisher */ = {
			isa = XCSwiftPackageProductDependency;
			package = 37E57C172D0970D700C9B5EF /* XCRemoteSwiftPackageReference "Kingfisher" */;
			productName = Kingfisher;
		};
/* End XCSwiftPackageProductDependency section */
	};
	rootObject = 375D8A382CFD48C800A1E02B /* Project object */;
}
